<?xml version="1.0"?>
<CONFIG>
  <ProjectOptions>
    <Version Value="7"/>
    <General>
      <Flags>
        <MainUnitHasCreateFormStatements Value="False"/>
        <MainUnitHasTitleStatement Value="False"/>
      </Flags>
      <MainUnit Value="0"/>
      <TargetFileExt Value=""/>
      <UseXPManifest Value="True"/>
      <ActiveEditorIndexAtStart Value="0"/>
    </General>
    <VersionInfo>
      <ProjectVersion Value=""/>
      <Language Value=""/>
      <CharSet Value=""/>
    </VersionInfo>
    <PublishOptions>
      <Version Value="2"/>
      <IgnoreBinaries Value="False"/>
      <IncludeFileFilter Value="*.(pas|pp|inc|lfm|lpr|lrs|lpi|lpk|sh|xml)"/>
      <ExcludeFileFilter Value="*.(bak|ppu|ppw|o|so);*~;backup"/>
    </PublishOptions>
    <RunParams>
      <local>
        <FormatVersion Value="1"/>
        <LaunchingApplication PathPlusParams="/usr/X11R6/bin/xterm -T 'Lazarus Run Output' -e $(LazarusDir)/tools/runwait.sh $(TargetCmdLine)"/>
      </local>
    </RunParams>
    <Units Count="10">
      <Unit0>
        <Filename Value="stabsreader.pas"/>
        <IsPartOfProject Value="True"/>
        <UnitName Value="stabsreader"/>
        <CursorPos X="108" Y="14"/>
        <TopLine Value="1"/>
        <EditorIndex Value="0"/>
        <UsageCount Value="22"/>
        <Loaded Value="True"/>
      </Unit0>
      <Unit1>
        <Filename Value="../dubylib/stabs.pas"/>
        <UnitName Value="stabs"/>
        <CursorPos X="23" Y="106"/>
        <TopLine Value="99"/>
        <UsageCount Value="10"/>
      </Unit1>
      <Unit2>
        <Filename Value="../dubylib/stabsproc.pas"/>
        <IsPartOfProject Value="True"/>
        <UnitName Value="stabsProc"/>
        <CursorPos X="1" Y="1"/>
        <TopLine Value="1"/>
        <UsageCount Value="22"/>
        <Bookmarks Count="1">
          <Item0 X="3" Y="173" ID="1"/>
        </Bookmarks>
      </Unit2>
      <Unit3>
        <Filename Value="../dubylib/dbginfostabs.pas"/>
        <UnitName Value="dbgInfoStabs"/>
        <CursorPos X="1" Y="43"/>
        <TopLine Value="43"/>
        <UsageCount Value="10"/>
      </Unit3>
      <Unit4>
        <Filename Value="../dubylib/elfdbgsource.pas"/>
        <UnitName Value="elfDbgSource"/>
        <CursorPos X="10" Y="95"/>
        <TopLine Value="80"/>
        <UsageCount Value="12"/>
        <Bookmarks Count="1">
          <Item0 X="1" Y="159" ID="1"/>
        </Bookmarks>
      </Unit4>
      <Unit5>
        <Filename Value="../dubylib/dbgtypes.pas"/>
        <UnitName Value="dbgTypes"/>
        <CursorPos X="1" Y="1"/>
        <TopLine Value="1"/>
        <UsageCount Value="10"/>
      </Unit5>
      <Unit6>
        <Filename Value="../dubylib/elf.pas"/>
        <UnitName Value="elf"/>
        <CursorPos X="12" Y="168"/>
        <TopLine Value="181"/>
        <UsageCount Value="11"/>
      </Unit6>
      <Unit7>
        <Filename Value="../dubylib/dbginfotypes.pas"/>
        <UnitName Value="dbgInfoTypes"/>
        <CursorPos X="1" Y="20"/>
        <TopLine Value="1"/>
        <UsageCount Value="10"/>
      </Unit7>
      <Unit8>
        <Filename Value="../dubylib/machodbgsource.pas"/>
        <UnitName Value="machoDbgSource"/>
        <CursorPos X="1" Y="275"/>
        <TopLine Value="247"/>
        <UsageCount Value="10"/>
      </Unit8>
      <Unit9>
        <Filename Value="../dubylib/pesource.pas"/>
        <UnitName Value="PESource"/>
        <CursorPos X="14" Y="104"/>
        <TopLine Value="92"/>
        <UsageCount Value="10"/>
      </Unit9>
    </Units>
    <JumpHistory Count="9" HistoryIndex="8">
      <Position1>
        <Filename Value="stabsreader.pas"/>
        <Caret Line="10" Column="14" TopLine="1"/>
      </Position1>
      <Position2>
        <Filename Value="stabsreader.pas"/>
        <Caret Line="76" Column="1" TopLine="55"/>
      </Position2>
      <Position3>
        <Filename Value="stabsreader.pas"/>
        <Caret Line="1" Column="1" TopLine="1"/>
      </Position3>
      <Position4>
        <Filename Value="stabsreader.pas"/>
        <Caret Line="36" Column="1" TopLine="21"/>
      </Position4>
      <Position5>
        <Filename Value="stabsreader.pas"/>
        <Caret Line="38" Column="1" TopLine="21"/>
      </Position5>
      <Position6>
        <Filename Value="stabsreader.pas"/>
        <Caret Line="106" Column="52" TopLine="76"/>
      </Position6>
      <Position7>
        <Filename Value="stabsreader.pas"/>
        <Caret Line="1" Column="1" TopLine="1"/>
      </Position7>
      <Position8>
        <Filename Value="stabsreader.pas"/>
        <Caret Line="85" Column="107" TopLine="67"/>
      </Position8>
      <Position9>
        <Filename Value="stabsreader.pas"/>
        <Caret Line="1" Column="1" TopLine="1"/>
      </Position9>
    </JumpHistory>
  </ProjectOptions>
  <CompilerOptions>
    <Version Value="8"/>
    <SearchPaths>
      <OtherUnitFiles Value="../dubylib/"/>
    </SearchPaths>
    <Other>
      <CompilerPath Value="$(CompPath)"/>
    </Other>
  </CompilerOptions>
  <Debugging>
    <Exceptions Count="3">
      <Item1>
        <Name Value="EAbort"/>
      </Item1>
      <Item2>
        <Name Value="ECodetoolError"/>
      </Item2>
      <Item3>
        <Name Value="EFOpenError"/>
      </Item3>
    </Exceptions>
  </Debugging>
</CONFIG>
