<?xml version="1.0"?>
<CONFIG>
  <ProjectOptions>
    <PathDelim Value="\"/>
    <Version Value="7"/>
    <General>
      <Flags>
        <UseDefaultCompilerOptions Value="True"/>
      </Flags>
      <MainUnit Value="0"/>
      <TargetFileExt Value=".exe"/>
      <ResourceType Value="res"/>
      <UseXPManifest Value="True"/>
      <Icon Value="0"/>
      <ActiveWindowIndexAtStart Value="0"/>
    </General>
    <VersionInfo>
      <Language Value=""/>
      <CharSet Value=""/>
      <StringTable Comments="" CompanyName="" FileDescription="" FileVersion="" InternalName="" LegalCopyright="" LegalTrademarks="" OriginalFilename="" ProductName="" ProductVersion=""/>
    </VersionInfo>
    <PublishOptions>
      <Version Value="2"/>
      <IgnoreBinaries Value="False"/>
      <IncludeFileFilter Value="*.(pas|pp|inc|lfm|lpr|lrs|lpi|lpk|sh|xml)"/>
      <ExcludeFileFilter Value="*.(bak|ppu|ppw|o|so);*~;backup"/>
    </PublishOptions>
    <RunParams>
      <local>
        <FormatVersion Value="1"/>
        <LaunchingApplication PathPlusParams="/usr/X11R6/bin/xterm -T 'Lazarus Run Output' -e $(LazarusDir)/tools/runwait.sh $(TargetCmdLine)"/>
      </local>
    </RunParams>
    <RequiredPackages Count="1">
      <Item1>
        <PackageName Value="LCL"/>
      </Item1>
    </RequiredPackages>
    <Units Count="24">
      <Unit0>
        <Filename Value="dubygui.lpr"/>
        <IsPartOfProject Value="True"/>
        <UnitName Value="dubygui"/>
        <WindowIndex Value="0"/>
        <TopLine Value="23"/>
        <CursorPos X="1" Y="37"/>
        <UsageCount Value="21"/>
      </Unit0>
      <Unit1>
        <Filename Value="mainform.pas"/>
        <IsPartOfProject Value="True"/>
        <ComponentName Value="Form1"/>
        <ResourceBaseClass Value="Form"/>
        <UnitName Value="mainform"/>
        <EditorIndex Value="0"/>
        <WindowIndex Value="0"/>
        <TopLine Value="41"/>
        <CursorPos X="26" Y="45"/>
        <UsageCount Value="21"/>
        <Loaded Value="True"/>
      </Unit1>
      <Unit2>
        <Filename Value="..\dubylib\dbgasyncmain.pas"/>
        <UnitName Value="dbgAsyncMain"/>
        <EditorIndex Value="3"/>
        <WindowIndex Value="0"/>
        <TopLine Value="9"/>
        <CursorPos X="1" Y="9"/>
        <UsageCount Value="10"/>
        <Loaded Value="True"/>
      </Unit2>
      <Unit3>
        <Filename Value="..\dubylib\dbglclmain.pas"/>
        <UnitName Value="dbgLCLMain"/>
        <WindowIndex Value="0"/>
        <TopLine Value="1"/>
        <CursorPos X="1" Y="13"/>
        <UsageCount Value="10"/>
      </Unit3>
      <Unit4>
        <Filename Value="C:\FPC_Laz\lazarus\lcl\lclintf.pas"/>
        <UnitName Value="LCLIntf"/>
        <WindowIndex Value="0"/>
        <TopLine Value="1"/>
        <CursorPos X="1" Y="1"/>
        <UsageCount Value="10"/>
      </Unit4>
      <Unit5>
        <Filename Value="C:\FPC_Laz\lazarus\lcl\lclproc.pas"/>
        <UnitName Value="LCLProc"/>
        <WindowIndex Value="0"/>
        <TopLine Value="1"/>
        <CursorPos X="1" Y="1"/>
        <UsageCount Value="10"/>
      </Unit5>
      <Unit6>
        <Filename Value="C:\FPC_Laz\lazarus\lcl\include\winapih.inc"/>
        <WindowIndex Value="0"/>
        <TopLine Value="31"/>
        <CursorPos X="1" Y="31"/>
        <UsageCount Value="10"/>
      </Unit6>
      <Unit7>
        <Filename Value="C:\FPC_Laz\lazarus\lcl\include\lclintfh.inc"/>
        <WindowIndex Value="0"/>
        <TopLine Value="35"/>
        <CursorPos X="10" Y="43"/>
        <UsageCount Value="10"/>
      </Unit7>
      <Unit8>
        <Filename Value="C:\FPC_Laz\lazarus\lcl\interfacebase.pp"/>
        <UnitName Value="InterfaceBase"/>
        <WindowIndex Value="0"/>
        <TopLine Value="45"/>
        <CursorPos X="66" Y="55"/>
        <UsageCount Value="10"/>
      </Unit8>
      <Unit9>
        <Filename Value="dbgproject.pas"/>
        <UnitName Value="dbgProject"/>
        <IsVisibleTab Value="True"/>
        <EditorIndex Value="1"/>
        <WindowIndex Value="0"/>
        <TopLine Value="25"/>
        <CursorPos X="36" Y="33"/>
        <UsageCount Value="10"/>
        <Bookmarks Count="1">
          <Item0 X="1" Y="33" ID="1"/>
        </Bookmarks>
        <Loaded Value="True"/>
      </Unit9>
      <Unit10>
        <Filename Value="..\dubylib\dbgmain.pas"/>
        <UnitName Value="dbgMain"/>
        <EditorIndex Value="2"/>
        <WindowIndex Value="0"/>
        <TopLine Value="470"/>
        <CursorPos X="3" Y="482"/>
        <UsageCount Value="10"/>
        <Loaded Value="True"/>
      </Unit10>
      <Unit11>
        <Filename Value="C:\FPC_Laz\fpc\rtl\objpas\classes\classesh.inc"/>
        <WindowIndex Value="0"/>
        <TopLine Value="1500"/>
        <CursorPos X="3" Y="1507"/>
        <UsageCount Value="10"/>
      </Unit11>
      <Unit12>
        <Filename Value="..\dubylib\dbgtypes.pas"/>
        <UnitName Value="dbgTypes"/>
        <WindowIndex Value="0"/>
        <TopLine Value="108"/>
        <CursorPos X="3" Y="120"/>
        <UsageCount Value="10"/>
      </Unit12>
      <Unit13>
        <Filename Value="..\dubylib\windbgtypes.pas"/>
        <UnitName Value="winDbgTypes"/>
        <WindowIndex Value="0"/>
        <TopLine Value="85"/>
        <CursorPos X="58" Y="97"/>
        <UsageCount Value="10"/>
      </Unit13>
      <Unit14>
        <Filename Value="C:\FPC_Laz\fpc\rtl\objpas\sysutils\systhrdh.inc"/>
        <WindowIndex Value="0"/>
        <TopLine Value="24"/>
        <CursorPos X="4" Y="36"/>
        <UsageCount Value="10"/>
      </Unit14>
      <Unit15>
        <Filename Value="C:\FPC_Laz\lazarus\lcl\include\lclintf.inc"/>
        <WindowIndex Value="0"/>
        <TopLine Value="53"/>
        <CursorPos X="10" Y="54"/>
        <UsageCount Value="10"/>
      </Unit15>
      <Unit16>
        <Filename Value="C:\FPC_Laz\lazarus\lcl\include\intfbaselcl.inc"/>
        <WindowIndex Value="0"/>
        <TopLine Value="46"/>
        <CursorPos X="3" Y="49"/>
        <UsageCount Value="10"/>
      </Unit16>
      <Unit17>
        <Filename Value="C:\FPC_Laz\lazarus\lcl\interfaces\win32\win32lclintf.inc"/>
        <WindowIndex Value="0"/>
        <TopLine Value="445"/>
        <CursorPos X="17" Y="453"/>
        <UsageCount Value="10"/>
        <Bookmarks Count="1">
          <Item0 X="42" Y="255" ID="2"/>
        </Bookmarks>
      </Unit17>
      <Unit18>
        <Filename Value="C:\FPC_Laz\fpc\rtl\objpas\sysutils\osutilsh.inc"/>
        <WindowIndex Value="0"/>
        <TopLine Value="12"/>
        <CursorPos X="24" Y="20"/>
        <UsageCount Value="10"/>
      </Unit18>
      <Unit19>
        <Filename Value="C:\FPC_Laz\fpc\rtl\win\sysutils.pp"/>
        <UnitName Value="sysutils"/>
        <WindowIndex Value="0"/>
        <TopLine Value="916"/>
        <CursorPos X="3" Y="920"/>
        <UsageCount Value="10"/>
      </Unit19>
      <Unit20>
        <Filename Value="C:\FPC_Laz\fpc\rtl\win32\windows.pp"/>
        <UnitName Value="windows"/>
        <WindowIndex Value="0"/>
        <TopLine Value="26"/>
        <CursorPos X="10" Y="34"/>
        <UsageCount Value="10"/>
      </Unit20>
      <Unit21>
        <Filename Value="C:\FPC_Laz\fpc\rtl\win\wininc\errors.inc"/>
        <WindowIndex Value="0"/>
        <TopLine Value="499"/>
        <CursorPos X="51" Y="514"/>
        <UsageCount Value="10"/>
      </Unit21>
      <Unit22>
        <Filename Value="C:\FPC_Laz\lazarus\lcl\interfaces\win32\win32object.inc"/>
        <WindowIndex Value="0"/>
        <TopLine Value="39"/>
        <CursorPos X="3" Y="41"/>
        <UsageCount Value="10"/>
      </Unit22>
      <Unit23>
        <Filename Value="C:\FPC_Laz\lazarus\lcl\interfaces\win32\win32int.pp"/>
        <UnitName Value="Win32Int"/>
        <WindowIndex Value="0"/>
        <TopLine Value="154"/>
        <CursorPos X="16" Y="160"/>
        <UsageCount Value="10"/>
      </Unit23>
    </Units>
    <JumpHistory Count="30" HistoryIndex="29">
      <Position1>
        <Filename Value="mainform.pas"/>
        <Caret Line="27" Column="1" TopLine="15"/>
      </Position1>
      <Position2>
        <Filename Value="dbgproject.pas"/>
        <Caret Line="13" Column="25" TopLine="6"/>
      </Position2>
      <Position3>
        <Filename Value="..\dubylib\dbgasyncmain.pas"/>
        <Caret Line="7" Column="5" TopLine="7"/>
      </Position3>
      <Position4>
        <Filename Value="..\dubylib\dbgasyncmain.pas"/>
        <Caret Line="44" Column="36" TopLine="32"/>
      </Position4>
      <Position5>
        <Filename Value="..\dubylib\dbgasyncmain.pas"/>
        <Caret Line="72" Column="52" TopLine="60"/>
      </Position5>
      <Position6>
        <Filename Value="dbgproject.pas"/>
        <Caret Line="34" Column="1" TopLine="19"/>
      </Position6>
      <Position7>
        <Filename Value="dbgproject.pas"/>
        <Caret Line="35" Column="7" TopLine="23"/>
      </Position7>
      <Position8>
        <Filename Value="dbgproject.pas"/>
        <Caret Line="76" Column="1" TopLine="55"/>
      </Position8>
      <Position9>
        <Filename Value="dbgproject.pas"/>
        <Caret Line="1" Column="1" TopLine="1"/>
      </Position9>
      <Position10>
        <Filename Value="..\dubylib\dbgasyncmain.pas"/>
        <Caret Line="81" Column="57" TopLine="71"/>
      </Position10>
      <Position11>
        <Filename Value="..\dubylib\dbgasyncmain.pas"/>
        <Caret Line="90" Column="45" TopLine="78"/>
      </Position11>
      <Position12>
        <Filename Value="..\dubylib\dbgasyncmain.pas"/>
        <Caret Line="72" Column="35" TopLine="72"/>
      </Position12>
      <Position13>
        <Filename Value="..\dubylib\dbgasyncmain.pas"/>
        <Caret Line="90" Column="62" TopLine="87"/>
      </Position13>
      <Position14>
        <Filename Value="dbgproject.pas"/>
        <Caret Line="34" Column="31" TopLine="31"/>
      </Position14>
      <Position15>
        <Filename Value="dbgproject.pas"/>
        <Caret Line="20" Column="25" TopLine="10"/>
      </Position15>
      <Position16>
        <Filename Value="dbgproject.pas"/>
        <Caret Line="35" Column="55" TopLine="23"/>
      </Position16>
      <Position17>
        <Filename Value="dbgproject.pas"/>
        <Caret Line="45" Column="33" TopLine="33"/>
      </Position17>
      <Position18>
        <Filename Value="dbgproject.pas"/>
        <Caret Line="52" Column="12" TopLine="40"/>
      </Position18>
      <Position19>
        <Filename Value="dbgproject.pas"/>
        <Caret Line="58" Column="31" TopLine="46"/>
      </Position19>
      <Position20>
        <Filename Value="mainform.pas"/>
        <Caret Line="9" Column="27" TopLine="1"/>
      </Position20>
      <Position21>
        <Filename Value="mainform.pas"/>
        <Caret Line="39" Column="5" TopLine="27"/>
      </Position21>
      <Position22>
        <Filename Value="dbgproject.pas"/>
        <Caret Line="57" Column="1" TopLine="47"/>
      </Position22>
      <Position23>
        <Filename Value="dbgproject.pas"/>
        <Caret Line="1" Column="1" TopLine="1"/>
      </Position23>
      <Position24>
        <Filename Value="dbgproject.pas"/>
        <Caret Line="70" Column="1" TopLine="61"/>
      </Position24>
      <Position25>
        <Filename Value="dbgproject.pas"/>
        <Caret Line="75" Column="10" TopLine="69"/>
      </Position25>
      <Position26>
        <Filename Value="..\dubylib\dbgasyncmain.pas"/>
        <Caret Line="261" Column="20" TopLine="246"/>
      </Position26>
      <Position27>
        <Filename Value="mainform.pas"/>
        <Caret Line="39" Column="5" TopLine="27"/>
      </Position27>
      <Position28>
        <Filename Value="mainform.pas"/>
        <Caret Line="54" Column="40" TopLine="41"/>
      </Position28>
      <Position29>
        <Filename Value="mainform.pas"/>
        <Caret Line="45" Column="19" TopLine="41"/>
      </Position29>
      <Position30>
        <Filename Value="dbgproject.pas"/>
        <Caret Line="10" Column="1" TopLine="3"/>
      </Position30>
    </JumpHistory>
  </ProjectOptions>
  <CompilerOptions>
    <Version Value="8"/>
    <PathDelim Value="\"/>
    <Target>
      <Filename Value="dubygui"/>
    </Target>
    <SearchPaths>
      <IncludeFiles Value="$(ProjOutDir)\"/>
      <OtherUnitFiles Value="..\dubylib\"/>
      <UnitOutputDirectory Value="lib\$(TargetCPU)-$(TargetOS)"/>
    </SearchPaths>
    <Parsing>
      <SyntaxOptions>
        <UseAnsiStrings Value="True"/>
      </SyntaxOptions>
    </Parsing>
    <Other>
      <CompilerPath Value="$(CompPath)"/>
    </Other>
  </CompilerOptions>
  <Debugging>
    <Exceptions Count="3">
      <Item1>
        <Name Value="EAbort"/>
      </Item1>
      <Item2>
        <Name Value="ECodetoolError"/>
      </Item2>
      <Item3>
        <Name Value="EFOpenError"/>
      </Item3>
    </Exceptions>
  </Debugging>
</CONFIG>
