<?xml version="1.0"?>
<CONFIG>
  <ProjectOptions>
    <Version Value="7"/>
    <General>
      <Flags>
        <MainUnitHasCreateFormStatements Value="False"/>
        <MainUnitHasTitleStatement Value="False"/>
      </Flags>
      <MainUnit Value="0"/>
      <TargetFileExt Value=""/>
      <UseXPManifest Value="True"/>
      <ActiveEditorIndexAtStart Value="0"/>
    </General>
    <VersionInfo>
      <Language Value=""/>
      <CharSet Value=""/>
      <StringTable Comments="" CompanyName="" FileDescription="" FileVersion="0.0.0.0" InternalName="" LegalCopyright="" LegalTrademarks="" OriginalFilename="" ProductName="" ProductVersion=""/>
    </VersionInfo>
    <PublishOptions>
      <Version Value="2"/>
      <IgnoreBinaries Value="False"/>
      <IncludeFileFilter Value="*.(pas|pp|inc|lfm|lpr|lrs|lpi|lpk|sh|xml)"/>
      <ExcludeFileFilter Value="*.(bak|ppu|ppw|o|so);*~;backup"/>
    </PublishOptions>
    <RunParams>
      <local>
        <FormatVersion Value="1"/>
        <LaunchingApplication PathPlusParams="/usr/X11R6/bin/xterm -T 'Lazarus Run Output' -e $(LazarusDir)/tools/runwait.sh $(TargetCmdLine)"/>
      </local>
    </RunParams>
    <Units Count="13">
      <Unit0>
        <Filename Value="stabsreader.pas"/>
        <IsPartOfProject Value="True"/>
        <UnitName Value="stabsreader"/>
        <CursorPos X="1" Y="56"/>
        <TopLine Value="39"/>
        <EditorIndex Value="0"/>
        <UsageCount Value="38"/>
        <Bookmarks Count="1">
          <Item0 X="8" Y="53" ID="2"/>
        </Bookmarks>
        <Loaded Value="True"/>
      </Unit0>
      <Unit1>
        <Filename Value="../dubylib/stabs.pas"/>
        <UnitName Value="stabs"/>
        <CursorPos X="23" Y="106"/>
        <TopLine Value="99"/>
        <UsageCount Value="8"/>
      </Unit1>
      <Unit2>
        <Filename Value="../dubylib/stabsproc.pas"/>
        <IsPartOfProject Value="True"/>
        <UnitName Value="stabsProc"/>
        <CursorPos X="1" Y="1"/>
        <TopLine Value="1"/>
        <UsageCount Value="38"/>
        <Bookmarks Count="1">
          <Item0 X="3" Y="173" ID="1"/>
        </Bookmarks>
      </Unit2>
      <Unit3>
        <Filename Value="../dubylib/dbginfostabs.pas"/>
        <UnitName Value="dbgInfoStabs"/>
        <CursorPos X="1" Y="43"/>
        <TopLine Value="43"/>
        <UsageCount Value="8"/>
      </Unit3>
      <Unit4>
        <Filename Value="../dubylib/elfdbgsource.pas"/>
        <UnitName Value="elfDbgSource"/>
        <CursorPos X="10" Y="95"/>
        <TopLine Value="80"/>
        <UsageCount Value="10"/>
        <Bookmarks Count="1">
          <Item0 X="1" Y="159" ID="1"/>
        </Bookmarks>
      </Unit4>
      <Unit5>
        <Filename Value="../dubylib/dbgtypes.pas"/>
        <UnitName Value="dbgTypes"/>
        <CursorPos X="1" Y="1"/>
        <TopLine Value="1"/>
        <UsageCount Value="8"/>
      </Unit5>
      <Unit6>
        <Filename Value="../dubylib/elf.pas"/>
        <UnitName Value="elf"/>
        <CursorPos X="12" Y="168"/>
        <TopLine Value="181"/>
        <UsageCount Value="9"/>
      </Unit6>
      <Unit7>
        <Filename Value="../dubylib/dbginfotypes.pas"/>
        <UnitName Value="dbgInfoTypes"/>
        <CursorPos X="1" Y="20"/>
        <TopLine Value="1"/>
        <UsageCount Value="8"/>
      </Unit7>
      <Unit8>
        <Filename Value="../dubylib/machodbgsource.pas"/>
        <UnitName Value="machoDbgSource"/>
        <CursorPos X="1" Y="275"/>
        <TopLine Value="247"/>
        <UsageCount Value="8"/>
      </Unit8>
      <Unit9>
        <Filename Value="../dubylib/pesource.pas"/>
        <UnitName Value="PESource"/>
        <CursorPos X="14" Y="104"/>
        <TopLine Value="92"/>
        <UsageCount Value="8"/>
      </Unit9>
      <Unit10>
        <Filename Value="../../dubylib/dbginfostabs.pas"/>
        <UnitName Value="dbgInfoStabs"/>
        <CursorPos X="3" Y="12"/>
        <TopLine Value="1"/>
        <EditorIndex Value="1"/>
        <UsageCount Value="18"/>
        <Loaded Value="True"/>
      </Unit10>
      <Unit11>
        <Filename Value="../../dubylib/stabs.pas"/>
        <UnitName Value="stabs"/>
        <CursorPos X="1" Y="1"/>
        <TopLine Value="1"/>
        <EditorIndex Value="3"/>
        <UsageCount Value="18"/>
        <Loaded Value="True"/>
      </Unit11>
      <Unit12>
        <Filename Value="../../dubylib/stabsproc.pas"/>
        <UnitName Value="stabsProc"/>
        <CursorPos X="1" Y="1"/>
        <TopLine Value="1"/>
        <EditorIndex Value="2"/>
        <UsageCount Value="18"/>
        <Loaded Value="True"/>
      </Unit12>
    </Units>
    <JumpHistory Count="30" HistoryIndex="29">
      <Position1>
        <Filename Value="../../dubylib/stabsproc.pas"/>
        <Caret Line="381" Column="17" TopLine="359"/>
      </Position1>
      <Position2>
        <Filename Value="../../dubylib/stabsproc.pas"/>
        <Caret Line="393" Column="38" TopLine="369"/>
      </Position2>
      <Position3>
        <Filename Value="../../dubylib/stabsproc.pas"/>
        <Caret Line="23" Column="43" TopLine="7"/>
      </Position3>
      <Position4>
        <Filename Value="../../dubylib/dbginfostabs.pas"/>
        <Caret Line="26" Column="25" TopLine="16"/>
      </Position4>
      <Position5>
        <Filename Value="../../dubylib/stabs.pas"/>
        <Caret Line="271" Column="19" TopLine="245"/>
      </Position5>
      <Position6>
        <Filename Value="../../dubylib/stabs.pas"/>
        <Caret Line="1" Column="1" TopLine="1"/>
      </Position6>
      <Position7>
        <Filename Value="../../dubylib/stabs.pas"/>
        <Caret Line="175" Column="79" TopLine="160"/>
      </Position7>
      <Position8>
        <Filename Value="../../dubylib/stabsproc.pas"/>
        <Caret Line="1" Column="1" TopLine="1"/>
      </Position8>
      <Position9>
        <Filename Value="../../dubylib/stabsproc.pas"/>
        <Caret Line="22" Column="31" TopLine="1"/>
      </Position9>
      <Position10>
        <Filename Value="../../dubylib/stabsproc.pas"/>
        <Caret Line="304" Column="88" TopLine="289"/>
      </Position10>
      <Position11>
        <Filename Value="../../dubylib/stabsproc.pas"/>
        <Caret Line="435" Column="22" TopLine="422"/>
      </Position11>
      <Position12>
        <Filename Value="../../dubylib/stabsproc.pas"/>
        <Caret Line="436" Column="1" TopLine="426"/>
      </Position12>
      <Position13>
        <Filename Value="../../dubylib/stabs.pas"/>
        <Caret Line="270" Column="96" TopLine="255"/>
      </Position13>
      <Position14>
        <Filename Value="../../dubylib/stabs.pas"/>
        <Caret Line="1" Column="1" TopLine="1"/>
      </Position14>
      <Position15>
        <Filename Value="../../dubylib/stabs.pas"/>
        <Caret Line="322" Column="35" TopLine="307"/>
      </Position15>
      <Position16>
        <Filename Value="../../dubylib/stabs.pas"/>
        <Caret Line="710" Column="35" TopLine="695"/>
      </Position16>
      <Position17>
        <Filename Value="../../dubylib/stabs.pas"/>
        <Caret Line="748" Column="5" TopLine="725"/>
      </Position17>
      <Position18>
        <Filename Value="../../dubylib/dbginfostabs.pas"/>
        <Caret Line="11" Column="23" TopLine="1"/>
      </Position18>
      <Position19>
        <Filename Value="../../dubylib/dbginfostabs.pas"/>
        <Caret Line="1" Column="1" TopLine="1"/>
      </Position19>
      <Position20>
        <Filename Value="stabsreader.pas"/>
        <Caret Line="8" Column="16" TopLine="1"/>
      </Position20>
      <Position21>
        <Filename Value="../../dubylib/stabsproc.pas"/>
        <Caret Line="211" Column="18" TopLine="205"/>
      </Position21>
      <Position22>
        <Filename Value="../../dubylib/stabsproc.pas"/>
        <Caret Line="531" Column="84" TopLine="515"/>
      </Position22>
      <Position23>
        <Filename Value="../../dubylib/dbginfostabs.pas"/>
        <Caret Line="125" Column="10" TopLine="111"/>
      </Position23>
      <Position24>
        <Filename Value="../../dubylib/dbginfostabs.pas"/>
        <Caret Line="29" Column="30" TopLine="16"/>
      </Position24>
      <Position25>
        <Filename Value="stabsreader.pas"/>
        <Caret Line="50" Column="32" TopLine="32"/>
      </Position25>
      <Position26>
        <Filename Value="../../dubylib/dbginfostabs.pas"/>
        <Caret Line="11" Column="17" TopLine="1"/>
      </Position26>
      <Position27>
        <Filename Value="stabsreader.pas"/>
        <Caret Line="52" Column="28" TopLine="37"/>
      </Position27>
      <Position28>
        <Filename Value="stabsreader.pas"/>
        <Caret Line="51" Column="28" TopLine="36"/>
      </Position28>
      <Position29>
        <Filename Value="stabsreader.pas"/>
        <Caret Line="48" Column="1" TopLine="37"/>
      </Position29>
      <Position30>
        <Filename Value="stabsreader.pas"/>
        <Caret Line="53" Column="27" TopLine="35"/>
      </Position30>
    </JumpHistory>
  </ProjectOptions>
  <CompilerOptions>
    <Version Value="8"/>
    <SearchPaths>
      <OtherUnitFiles Value="../../dubylib/"/>
    </SearchPaths>
    <Other>
      <CompilerPath Value="$(CompPath)"/>
    </Other>
  </CompilerOptions>
  <Debugging>
    <Exceptions Count="3">
      <Item1>
        <Name Value="EAbort"/>
      </Item1>
      <Item2>
        <Name Value="ECodetoolError"/>
      </Item2>
      <Item3>
        <Name Value="EFOpenError"/>
      </Item3>
    </Exceptions>
  </Debugging>
</CONFIG>
