<?xml version="1.0"?>
<CONFIG>
  <ProjectOptions>
    <PathDelim Value="\"/>
    <Version Value="7"/>
    <General>
      <Flags>
        <MainUnitHasUsesSectionForAllUnits Value="False"/>
        <MainUnitHasCreateFormStatements Value="False"/>
        <MainUnitHasTitleStatement Value="False"/>
      </Flags>
      <MainUnit Value="0"/>
      <TargetFileExt Value=".exe"/>
      <Title Value="dubyline"/>
      <UseXPManifest Value="True"/>
      <ActiveEditorIndexAtStart Value="2"/>
    </General>
    <VersionInfo>
      <ProjectVersion Value=""/>
      <Language Value=""/>
      <CharSet Value=""/>
    </VersionInfo>
    <PublishOptions>
      <Version Value="2"/>
      <IgnoreBinaries Value="False"/>
      <IncludeFileFilter Value="*.(pas|pp|inc|lfm|lpr|lrs|lpi|lpk|sh|xml)"/>
      <ExcludeFileFilter Value="*.(bak|ppu|ppw|o|so);*~;backup"/>
    </PublishOptions>
    <RunParams>
      <local>
        <FormatVersion Value="1"/>
        <CommandLineParams Value="test.exe"/>
        <LaunchingApplication PathPlusParams="\usr\X11R6\bin\xterm -T 'Lazarus Run Output' -e $(LazarusDir)\tools\runwait.sh $(TargetCmdLine)"/>
      </local>
    </RunParams>
    <Units Count="71">
      <Unit0>
        <Filename Value="dubyline.pas"/>
        <IsPartOfProject Value="True"/>
        <UnitName Value="dubyline"/>
        <CursorPos X="3" Y="17"/>
        <TopLine Value="1"/>
        <EditorIndex Value="0"/>
        <UsageCount Value="93"/>
        <Loaded Value="True"/>
      </Unit0>
      <Unit1>
        <Filename Value="..\dubylib\stabs\stabsinfo.pas"/>
        <UnitName Value="stabsinfo"/>
        <CursorPos X="1" Y="9"/>
        <TopLine Value="1"/>
        <UsageCount Value="8"/>
      </Unit1>
      <Unit2>
        <Filename Value="pesource.pas"/>
        <UnitName Value="PESource"/>
        <CursorPos X="1" Y="30"/>
        <TopLine Value="18"/>
        <UsageCount Value="8"/>
      </Unit2>
      <Unit3>
        <Filename Value="..\dubylib\dbginfotypes.pas"/>
        <UnitName Value="dbgInfoTypes"/>
        <CursorPos X="15" Y="47"/>
        <TopLine Value="22"/>
        <UsageCount Value="15"/>
      </Unit3>
      <Unit4>
        <Filename Value="E:\FPC_Laz\fpc\packages\fcl-res\src\resource.pp"/>
        <UnitName Value="resource"/>
        <CursorPos X="1" Y="43"/>
        <TopLine Value="43"/>
        <UsageCount Value="8"/>
      </Unit4>
      <Unit5>
        <Filename Value="..\dubylib\dbgloader.pp"/>
        <UnitName Value="DbgLoader"/>
        <CursorPos X="1" Y="275"/>
        <TopLine Value="266"/>
        <UsageCount Value="8"/>
        <Bookmarks Count="1">
          <Item0 X="5" Y="266" ID="1"/>
        </Bookmarks>
      </Unit5>
      <Unit6>
        <Filename Value="..\dubylib\dbgpetypes.pp"/>
        <UnitName Value="DbgPETypes"/>
        <CursorPos X="1" Y="1"/>
        <TopLine Value="1"/>
        <UsageCount Value="10"/>
      </Unit6>
      <Unit7>
        <Filename Value="E:\FPC_Laz\fpc\rtl\win32\windows.pp"/>
        <UnitName Value="windows"/>
        <CursorPos X="1" Y="1"/>
        <TopLine Value="1"/>
        <UsageCount Value="7"/>
      </Unit7>
      <Unit8>
        <Filename Value="E:\FPC_Laz\fpc\rtl\win\wininc\struct.inc"/>
        <CursorPos X="16" Y="6927"/>
        <TopLine Value="6904"/>
        <UsageCount Value="7"/>
      </Unit8>
      <Unit9>
        <Filename Value="cmdloop.pas"/>
        <UnitName Value="cmdloop"/>
        <CursorPos X="9" Y="89"/>
        <TopLine Value="71"/>
        <EditorIndex Value="2"/>
        <UsageCount Value="13"/>
        <Bookmarks Count="2">
          <Item0 X="15" Y="253" ID="2"/>
          <Item1 X="3" Y="83" ID="3"/>
        </Bookmarks>
        <Loaded Value="True"/>
      </Unit9>
      <Unit10>
        <Filename Value="..\dubylib\dbgtypes.pas"/>
        <UnitName Value="dbgTypes"/>
        <CursorPos X="31" Y="166"/>
        <TopLine Value="143"/>
        <EditorIndex Value="3"/>
        <UsageCount Value="18"/>
        <Loaded Value="True"/>
      </Unit10>
      <Unit11>
        <Filename Value="..\dubylib\pesource.pas"/>
        <UnitName Value="PESource"/>
        <CursorPos X="3" Y="161"/>
        <TopLine Value="159"/>
        <UsageCount Value="11"/>
      </Unit11>
      <Unit12>
        <Filename Value="..\dubylib\macdbgtype.pas"/>
        <UnitName Value="macDbgType"/>
        <CursorPos X="3" Y="187"/>
        <TopLine Value="163"/>
        <UsageCount Value="12"/>
        <Bookmarks Count="2">
          <Item0 X="1" Y="260" ID="1"/>
          <Item1 X="21" Y="153" ID="2"/>
        </Bookmarks>
      </Unit12>
      <Unit13>
        <Filename Value="..\..\..\gdb-768\doc\README-relnotes.txt"/>
        <CursorPos X="1" Y="1"/>
        <TopLine Value="13"/>
        <UsageCount Value="7"/>
        <SyntaxHighlighter Value="None"/>
      </Unit13>
      <Unit14>
        <Filename Value="..\..\..\gdb-768\conf\carbon.gdb"/>
        <CursorPos X="1" Y="1"/>
        <TopLine Value="1"/>
        <UsageCount Value="7"/>
        <SyntaxHighlighter Value="None"/>
      </Unit14>
      <Unit15>
        <Filename Value="..\..\..\gdb-768\conf\macsbug.gdb"/>
        <CursorPos X="84" Y="3840"/>
        <TopLine Value="3809"/>
        <UsageCount Value="7"/>
        <SyntaxHighlighter Value="None"/>
      </Unit15>
      <Unit16>
        <Filename Value="..\..\..\gdb-768\bin\config\i386_flavors.txt"/>
        <CursorPos X="29" Y="10"/>
        <TopLine Value="1"/>
        <UsageCount Value="7"/>
        <SyntaxHighlighter Value="None"/>
      </Unit16>
      <Unit17>
        <Filename Value="..\..\..\gdb-768\macsbug\README.txt"/>
        <CursorPos X="1" Y="1"/>
        <TopLine Value="1"/>
        <UsageCount Value="7"/>
        <SyntaxHighlighter Value="None"/>
      </Unit17>
      <Unit18>
        <Filename Value="..\..\..\gdb-768\src\README"/>
        <CursorPos X="1" Y="1"/>
        <TopLine Value="47"/>
        <UsageCount Value="7"/>
        <SyntaxHighlighter Value="None"/>
      </Unit18>
      <Unit19>
        <Filename Value="..\..\..\gdb-768\src\gdb\macosx\machoread.c"/>
        <CursorPos X="33" Y="563"/>
        <TopLine Value="1"/>
        <UsageCount Value="7"/>
        <SyntaxHighlighter Value="C++"/>
      </Unit19>
      <Unit20>
        <Filename Value="..\..\..\gdb-768\src\gdb\macosx\macosx.defs"/>
        <CursorPos X="1" Y="1"/>
        <TopLine Value="1"/>
        <UsageCount Value="7"/>
        <SyntaxHighlighter Value="None"/>
      </Unit20>
      <Unit21>
        <Filename Value="..\..\..\gdb-768\src\gdb\macosx\macosx-self-backtrace.c"/>
        <CursorPos X="80" Y="25"/>
        <TopLine Value="15"/>
        <UsageCount Value="7"/>
        <SyntaxHighlighter Value="C++"/>
      </Unit21>
      <Unit22>
        <Filename Value="..\..\..\gdb-768\src\gdb\macosx\macosx-nat-cfm.c"/>
        <CursorPos X="1" Y="1"/>
        <TopLine Value="395"/>
        <UsageCount Value="7"/>
        <SyntaxHighlighter Value="C++"/>
      </Unit22>
      <Unit23>
        <Filename Value="memviewer.pas"/>
        <UnitName Value="memviewer"/>
        <CursorPos X="1" Y="1"/>
        <TopLine Value="1"/>
        <UsageCount Value="10"/>
      </Unit23>
      <Unit24>
        <Filename Value="macdbgproc.pas"/>
        <UnitName Value="macDbgProc"/>
        <CursorPos X="1" Y="1"/>
        <TopLine Value="1"/>
        <UsageCount Value="9"/>
      </Unit24>
      <Unit25>
        <Filename Value="..\..\..\gdb-768\src\gdb\macosx\macosx-nat-inferior.c"/>
        <CursorPos X="1" Y="1"/>
        <TopLine Value="1"/>
        <UsageCount Value="8"/>
        <Bookmarks Count="1">
          <Item0 X="1" Y="811" ID="1"/>
        </Bookmarks>
        <SyntaxHighlighter Value="C++"/>
      </Unit25>
      <Unit26>
        <Filename Value="..\dubylib\machapi.pas"/>
        <UnitName Value="machapi"/>
        <CursorPos X="12" Y="3373"/>
        <TopLine Value="3362"/>
        <UsageCount Value="10"/>
        <Bookmarks Count="1">
          <Item0 X="24" Y="838" ID="3"/>
        </Bookmarks>
      </Unit26>
      <Unit27>
        <Filename Value="..\..\..\gdb-768\src\gdb\macosx\ChangeLog"/>
        <CursorPos X="38" Y="1583"/>
        <TopLine Value="1570"/>
        <UsageCount Value="7"/>
        <SyntaxHighlighter Value="None"/>
      </Unit27>
      <Unit28>
        <Filename Value="..\..\..\gdb-768\src\gdb\macosx\macosx-nat-cmds-load.c"/>
        <CursorPos X="40" Y="76"/>
        <TopLine Value="68"/>
        <UsageCount Value="7"/>
        <SyntaxHighlighter Value="C++"/>
      </Unit28>
      <Unit29>
        <Filename Value="..\..\..\gdb-768\src\gdb\macosx\gdb.xcodeproj\project.pbxproj"/>
        <CursorPos X="44" Y="5801"/>
        <TopLine Value="5794"/>
        <UsageCount Value="7"/>
        <SyntaxHighlighter Value="None"/>
      </Unit29>
      <Unit30>
        <Filename Value="..\..\..\gdb-768\src\gdb\fork-child.c"/>
        <CursorPos X="36" Y="659"/>
        <TopLine Value="644"/>
        <UsageCount Value="7"/>
        <SyntaxHighlighter Value="C++"/>
      </Unit30>
      <Unit31>
        <Filename Value="..\..\..\gdb-768\src\gdb\environ.c"/>
        <CursorPos X="16" Y="111"/>
        <TopLine Value="106"/>
        <UsageCount Value="7"/>
        <SyntaxHighlighter Value="C++"/>
      </Unit31>
      <Unit32>
        <Filename Value="..\dubylib\macptrace.pas"/>
        <UnitName Value="macPtrace"/>
        <CursorPos X="1" Y="31"/>
        <TopLine Value="31"/>
        <UsageCount Value="10"/>
      </Unit32>
      <Unit33>
        <Filename Value="..\..\..\gdb-768\src\gdb\inf-ptrace.c"/>
        <CursorPos X="32" Y="103"/>
        <TopLine Value="91"/>
        <UsageCount Value="7"/>
        <SyntaxHighlighter Value="C++"/>
      </Unit33>
      <Unit34>
        <Filename Value="..\..\..\gdb-768\src\gdb\macosx\macosx-nat-inferior-util.c"/>
        <CursorPos X="26" Y="121"/>
        <TopLine Value="93"/>
        <UsageCount Value="7"/>
        <SyntaxHighlighter Value="C++"/>
      </Unit34>
      <Unit35>
        <Filename Value="..\dubylib\pereader.pas"/>
        <UnitName Value="PEreader"/>
        <CursorPos X="15" Y="10"/>
        <TopLine Value="1"/>
        <UsageCount Value="26"/>
        <Bookmarks Count="1">
          <Item0 X="1" Y="11" ID="1"/>
        </Bookmarks>
      </Unit35>
      <Unit36>
        <Filename Value="E:\FPC_Laz\Lazarus\debugger\fpdebug\fpd\fpdpeimage.pas"/>
        <UnitName Value="FPDPEImage"/>
        <CursorPos X="11" Y="43"/>
        <TopLine Value="27"/>
        <UsageCount Value="8"/>
      </Unit36>
      <Unit37>
        <Filename Value="E:\FPC_Laz\Lazarus\debugger\fpdebug\dbgloader.pp"/>
        <UnitName Value="DbgLoader"/>
        <CursorPos X="25" Y="95"/>
        <TopLine Value="80"/>
        <UsageCount Value="8"/>
        <Bookmarks Count="1">
          <Item0 X="3" Y="173" ID="2"/>
        </Bookmarks>
      </Unit37>
      <Unit38>
        <Filename Value="E:\FPC_Laz\Lazarus\debugger\fpdebug\dbgpetypes.pp"/>
        <UnitName Value="DbgPETypes"/>
        <CursorPos X="1" Y="6"/>
        <TopLine Value="1"/>
        <UsageCount Value="8"/>
      </Unit38>
      <Unit39>
        <Filename Value="..\dubylib\nixdbgtypes.pas"/>
        <UnitName Value="nixDbgTypes"/>
        <CursorPos X="28" Y="30"/>
        <TopLine Value="15"/>
        <UsageCount Value="8"/>
      </Unit39>
      <Unit40>
        <Filename Value="..\dubylib\windbgtypes.pas"/>
        <UnitName Value="winDbgTypes"/>
        <CursorPos X="22" Y="10"/>
        <TopLine Value="1"/>
        <EditorIndex Value="4"/>
        <UsageCount Value="13"/>
        <Loaded Value="True"/>
      </Unit40>
      <Unit41>
        <Filename Value="execview.pas"/>
        <UnitName Value="execview"/>
        <CursorPos X="15" Y="15"/>
        <TopLine Value="1"/>
        <UsageCount Value="23"/>
      </Unit41>
      <Unit42>
        <Filename Value="commands.pas"/>
        <UnitName Value="commands"/>
        <CursorPos X="1" Y="12"/>
        <TopLine Value="1"/>
        <UsageCount Value="13"/>
      </Unit42>
      <Unit43>
        <Filename Value="E:\FPC_Laz\fpc\packages\fcl-base\src\contnrs.pp"/>
        <UnitName Value="contnrs"/>
        <CursorPos X="14" Y="400"/>
        <TopLine Value="385"/>
        <UsageCount Value="10"/>
      </Unit43>
      <Unit44>
        <Filename Value="..\dubylib\dbginfostabs.pas"/>
        <UnitName Value="dbgInfoStabs"/>
        <CursorPos X="1" Y="1"/>
        <TopLine Value="1"/>
        <UsageCount Value="16"/>
      </Unit44>
      <Unit45>
        <Filename Value="..\debugstabs.pas"/>
        <UnitName Value="debugStabs"/>
        <CursorPos X="15" Y="109"/>
        <TopLine Value="95"/>
        <UsageCount Value="9"/>
      </Unit45>
      <Unit46>
        <Filename Value="..\dubylib\macdbgproc.pas"/>
        <IsPartOfProject Value="True"/>
        <UnitName Value="macDbgProc"/>
        <CursorPos X="17" Y="2"/>
        <TopLine Value="1"/>
        <UsageCount Value="51"/>
      </Unit46>
      <Unit47>
        <Filename Value="..\dubylib\mach_port.pas"/>
        <UnitName Value="mach_port"/>
        <CursorPos X="33" Y="142"/>
        <TopLine Value="127"/>
        <UsageCount Value="9"/>
      </Unit47>
      <Unit48>
        <Filename Value="..\dubylib\dbgutils.pas"/>
        <UnitName Value="dbgUtils"/>
        <CursorPos X="3" Y="29"/>
        <TopLine Value="4"/>
        <UsageCount Value="12"/>
      </Unit48>
      <Unit49>
        <Filename Value="cmdlineutils.pas"/>
        <IsPartOfProject Value="True"/>
        <UnitName Value="cmdlineutils"/>
        <CursorPos X="10" Y="14"/>
        <TopLine Value="1"/>
        <UsageCount Value="48"/>
      </Unit49>
      <Unit50>
        <Filename Value="cmddbg.pas"/>
        <IsPartOfProject Value="True"/>
        <UnitName Value="cmddbg"/>
        <CursorPos X="15" Y="16"/>
        <TopLine Value="2"/>
        <EditorIndex Value="1"/>
        <UsageCount Value="47"/>
        <Loaded Value="True"/>
      </Unit50>
      <Unit51>
        <Filename Value="dbgRegisters.pas"/>
        <UnitName Value="dbgRegisters"/>
        <CursorPos X="36" Y="1"/>
        <TopLine Value="1"/>
        <UsageCount Value="8"/>
      </Unit51>
      <Unit52>
        <Filename Value="..\..\bak\dubylib\winDbgTypes.pas"/>
        <UnitName Value="winDbgTypes"/>
        <CursorPos X="1" Y="80"/>
        <TopLine Value="64"/>
        <UsageCount Value="9"/>
      </Unit52>
      <Unit53>
        <Filename Value="..\..\bak\dubylib\winDbgProc.pas"/>
        <UnitName Value="winDbgProc"/>
        <CursorPos X="1" Y="1"/>
        <TopLine Value="1"/>
        <UsageCount Value="8"/>
      </Unit53>
      <Unit54>
        <Filename Value="..\dubylib\windbgproc.pas"/>
        <UnitName Value="winDbgProc"/>
        <CursorPos X="14" Y="117"/>
        <TopLine Value="102"/>
        <EditorIndex Value="5"/>
        <UsageCount Value="10"/>
        <Bookmarks Count="1">
          <Item0 X="17" Y="145" ID="1"/>
        </Bookmarks>
        <Loaded Value="True"/>
      </Unit54>
      <Unit55>
        <Filename Value="E:\FPC_Laz\fpc\rtl\win\wininc\func.inc"/>
        <CursorPos X="10" Y="147"/>
        <TopLine Value="131"/>
        <UsageCount Value="11"/>
      </Unit55>
      <Unit56>
        <Filename Value="E:\FPC_Laz\fpc\rtl\win\wininc\defines.inc"/>
        <CursorPos X="6" Y="5444"/>
        <TopLine Value="5429"/>
        <UsageCount Value="9"/>
      </Unit56>
      <Unit57>
        <Filename Value="E:\FPC_Laz\fpc\rtl\win\wininc\redef.inc"/>
        <CursorPos X="1" Y="870"/>
        <TopLine Value="855"/>
        <UsageCount Value="9"/>
      </Unit57>
      <Unit58>
        <Filename Value="..\dubylib\dbginfodwarf.pas"/>
        <IsPartOfProject Value="True"/>
        <UnitName Value="dbgInfoDwarf"/>
        <CursorPos X="25" Y="10"/>
        <TopLine Value="1"/>
        <UsageCount Value="39"/>
      </Unit58>
      <Unit59>
        <Filename Value="..\dubylib\dwarftypes.pas"/>
        <UnitName Value="dwarfTypes"/>
        <CursorPos X="3" Y="1638"/>
        <TopLine Value="1623"/>
        <UsageCount Value="10"/>
      </Unit59>
      <Unit60>
        <Filename Value="..\dubylib\dwarfconst.pas"/>
        <UnitName Value="dwarfConst"/>
        <CursorPos X="3" Y="228"/>
        <TopLine Value="215"/>
        <UsageCount Value="10"/>
      </Unit60>
      <Unit61>
        <Filename Value="..\dubylib\dwarfproc.pas"/>
        <IsPartOfProject Value="True"/>
        <UnitName Value="dwarfProc"/>
        <CursorPos X="1" Y="1"/>
        <TopLine Value="1"/>
        <UsageCount Value="37"/>
      </Unit61>
      <Unit62>
        <Filename Value="..\..\..\Desktop\macho\Archive\ogmacho.pas"/>
        <UnitName Value="ogmacho"/>
        <CursorPos X="1" Y="3"/>
        <TopLine Value="3"/>
        <UsageCount Value="9"/>
      </Unit62>
      <Unit63>
        <Filename Value="..\..\..\Fpc_Laz\fpc\packages\fcl-res\src\machoreader.pp"/>
        <UnitName Value="machoreader"/>
        <CursorPos X="1" Y="43"/>
        <TopLine Value="31"/>
        <UsageCount Value="9"/>
      </Unit63>
      <Unit64>
        <Filename Value="..\dubylib\machodbgsource.pas"/>
        <IsPartOfProject Value="True"/>
        <UnitName Value="machoDbgSource"/>
        <CursorPos X="21" Y="126"/>
        <TopLine Value="89"/>
        <UsageCount Value="36"/>
      </Unit64>
      <Unit65>
        <Filename Value="..\dubylib\macho.pas"/>
        <UnitName Value="macho"/>
        <CursorPos X="11" Y="367"/>
        <TopLine Value="351"/>
        <UsageCount Value="9"/>
      </Unit65>
      <Unit66>
        <Filename Value="..\dubylib\machofile.pas"/>
        <IsPartOfProject Value="True"/>
        <UnitName Value="machoFile"/>
        <CursorPos X="16" Y="46"/>
        <TopLine Value="32"/>
        <UsageCount Value="35"/>
      </Unit66>
      <Unit67>
        <Filename Value="E:\FPC_Laz\fpc\rtl\objpas\classes\classesh.inc"/>
        <CursorPos X="3" Y="236"/>
        <TopLine Value="219"/>
        <UsageCount Value="9"/>
      </Unit67>
      <Unit68>
        <Filename Value="..\dubylib\stabsproc.pas"/>
        <UnitName Value="stabsProc"/>
        <CursorPos X="1" Y="3"/>
        <TopLine Value="1"/>
        <UsageCount Value="15"/>
      </Unit68>
      <Unit69>
        <Filename Value="..\dubylib\stabs.pas"/>
        <UnitName Value="stabs"/>
        <CursorPos X="22" Y="104"/>
        <TopLine Value="104"/>
        <UsageCount Value="10"/>
      </Unit69>
      <Unit70>
        <Filename Value="..\dubylib\dbgconsts.pas"/>
        <UnitName Value="dbgConsts"/>
        <CursorPos X="7" Y="18"/>
        <TopLine Value="1"/>
        <EditorIndex Value="6"/>
        <UsageCount Value="10"/>
        <Loaded Value="True"/>
      </Unit70>
    </Units>
    <JumpHistory Count="30" HistoryIndex="29">
      <Position1>
        <Filename Value="cmdloop.pas"/>
        <Caret Line="76" Column="16" TopLine="50"/>
      </Position1>
      <Position2>
        <Filename Value="cmddbg.pas"/>
        <Caret Line="72" Column="1" TopLine="51"/>
      </Position2>
      <Position3>
        <Filename Value="cmddbg.pas"/>
        <Caret Line="70" Column="59" TopLine="55"/>
      </Position3>
      <Position4>
        <Filename Value="dubyline.pas"/>
        <Caret Line="15" Column="3" TopLine="1"/>
      </Position4>
      <Position5>
        <Filename Value="cmdloop.pas"/>
        <Caret Line="71" Column="32" TopLine="57"/>
      </Position5>
      <Position6>
        <Filename Value="cmdloop.pas"/>
        <Caret Line="82" Column="12" TopLine="67"/>
      </Position6>
      <Position7>
        <Filename Value="cmdloop.pas"/>
        <Caret Line="247" Column="15" TopLine="240"/>
      </Position7>
      <Position8>
        <Filename Value="cmdloop.pas"/>
        <Caret Line="253" Column="22" TopLine="235"/>
      </Position8>
      <Position9>
        <Filename Value="cmdloop.pas"/>
        <Caret Line="246" Column="15" TopLine="233"/>
      </Position9>
      <Position10>
        <Filename Value="cmddbg.pas"/>
        <Caret Line="54" Column="19" TopLine="40"/>
      </Position10>
      <Position11>
        <Filename Value="cmddbg.pas"/>
        <Caret Line="161" Column="46" TopLine="146"/>
      </Position11>
      <Position12>
        <Filename Value="cmdloop.pas"/>
        <Caret Line="246" Column="15" TopLine="233"/>
      </Position12>
      <Position13>
        <Filename Value="cmdloop.pas"/>
        <Caret Line="84" Column="25" TopLine="63"/>
      </Position13>
      <Position14>
        <Filename Value="dubyline.pas"/>
        <Caret Line="17" Column="4" TopLine="8"/>
      </Position14>
      <Position15>
        <Filename Value="..\dubylib\windbgtypes.pas"/>
        <Caret Line="205" Column="29" TopLine="199"/>
      </Position15>
      <Position16>
        <Filename Value="..\dubylib\windbgproc.pas"/>
        <Caret Line="117" Column="14" TopLine="102"/>
      </Position16>
      <Position17>
        <Filename Value="cmdloop.pas"/>
        <Caret Line="89" Column="42" TopLine="63"/>
      </Position17>
      <Position18>
        <Filename Value="cmdloop.pas"/>
        <Caret Line="78" Column="19" TopLine="57"/>
      </Position18>
      <Position19>
        <Filename Value="cmddbg.pas"/>
        <Caret Line="145" Column="22" TopLine="132"/>
      </Position19>
      <Position20>
        <Filename Value="cmddbg.pas"/>
        <Caret Line="1" Column="1" TopLine="1"/>
      </Position20>
      <Position21>
        <Filename Value="cmddbg.pas"/>
        <Caret Line="189" Column="30" TopLine="174"/>
      </Position21>
      <Position22>
        <Filename Value="cmddbg.pas"/>
        <Caret Line="1" Column="1" TopLine="1"/>
      </Position22>
      <Position23>
        <Filename Value="cmddbg.pas"/>
        <Caret Line="160" Column="26" TopLine="146"/>
      </Position23>
      <Position24>
        <Filename Value="cmddbg.pas"/>
        <Caret Line="145" Column="22" TopLine="130"/>
      </Position24>
      <Position25>
        <Filename Value="cmddbg.pas"/>
        <Caret Line="9" Column="32" TopLine="1"/>
      </Position25>
      <Position26>
        <Filename Value="cmddbg.pas"/>
        <Caret Line="38" Column="30" TopLine="29"/>
      </Position26>
      <Position27>
        <Filename Value="cmddbg.pas"/>
        <Caret Line="146" Column="21" TopLine="131"/>
      </Position27>
      <Position28>
        <Filename Value="cmdloop.pas"/>
        <Caret Line="269" Column="46" TopLine="253"/>
      </Position28>
      <Position29>
        <Filename Value="cmdloop.pas"/>
        <Caret Line="78" Column="27" TopLine="71"/>
      </Position29>
      <Position30>
        <Filename Value="..\dubylib\dbgtypes.pas"/>
        <Caret Line="64" Column="59" TopLine="49"/>
      </Position30>
    </JumpHistory>
  </ProjectOptions>
  <CompilerOptions>
    <Version Value="8"/>
    <PathDelim Value="\"/>
    <SearchPaths>
      <IncludeFiles Value="$(ProjOutDir)\"/>
      <OtherUnitFiles Value="..\dubylib\;C:\SourceForge\duby\dubylib\stabs\"/>
      <SrcPath Value="..\dubylib\"/>
    </SearchPaths>
    <Other>
      <CompilerMessages>
        <IgnoredMessages idx3189="True" idx4055="True" idx4079="True" idx4080="True" idx4081="True" idx5024="True" idx5028="True" idx5029="True" idx5030="True" idx5031="True" idx5057="True" idx5058="True" idx5060="True"/>
      </CompilerMessages>
      <CompilerPath Value="$(CompPath)"/>
    </Other>
  </CompilerOptions>
  <Debugging>
    <Exceptions Count="3">
      <Item1>
        <Name Value="EAbort"/>
      </Item1>
      <Item2>
        <Name Value="ECodetoolError"/>
      </Item2>
      <Item3>
        <Name Value="EFOpenError"/>
      </Item3>
    </Exceptions>
  </Debugging>
</CONFIG>
