<?xml version="1.0"?>
<CONFIG>
  <ProjectOptions>
    <PathDelim Value="\"/>
    <Version Value="7"/>
    <General>
      <Flags>
        <MainUnitHasUsesSectionForAllUnits Value="False"/>
        <MainUnitHasCreateFormStatements Value="False"/>
        <MainUnitHasTitleStatement Value="False"/>
      </Flags>
      <MainUnit Value="0"/>
      <TargetFileExt Value=".exe"/>
      <Title Value="dubyline"/>
      <UseXPManifest Value="True"/>
      <ActiveEditorIndexAtStart Value="4"/>
    </General>
    <VersionInfo>
      <ProjectVersion Value=""/>
      <Language Value=""/>
      <CharSet Value=""/>
    </VersionInfo>
    <PublishOptions>
      <Version Value="2"/>
      <IgnoreBinaries Value="False"/>
      <IncludeFileFilter Value="*.(pas|pp|inc|lfm|lpr|lrs|lpi|lpk|sh|xml)"/>
      <ExcludeFileFilter Value="*.(bak|ppu|ppw|o|so);*~;backup"/>
    </PublishOptions>
    <RunParams>
      <local>
        <FormatVersion Value="1"/>
        <LaunchingApplication PathPlusParams="\usr\X11R6\bin\xterm -T 'Lazarus Run Output' -e $(LazarusDir)\tools\runwait.sh $(TargetCmdLine)"/>
      </local>
    </RunParams>
    <Units Count="49">
      <Unit0>
        <Filename Value="dubyline.pas"/>
        <IsPartOfProject Value="True"/>
        <UnitName Value="dubyline"/>
        <CursorPos X="27" Y="10"/>
        <TopLine Value="1"/>
        <EditorIndex Value="0"/>
        <UsageCount Value="64"/>
        <Loaded Value="True"/>
      </Unit0>
      <Unit1>
        <Filename Value="..\dubylib\stabs\stabsinfo.pas"/>
        <UnitName Value="stabsinfo"/>
        <CursorPos X="1" Y="9"/>
        <TopLine Value="1"/>
        <UsageCount Value="10"/>
      </Unit1>
      <Unit2>
        <Filename Value="pesource.pas"/>
        <UnitName Value="PESource"/>
        <CursorPos X="1" Y="30"/>
        <TopLine Value="18"/>
        <UsageCount Value="10"/>
      </Unit2>
      <Unit3>
        <Filename Value="..\dubylib\dbginfotypes.pas"/>
        <UnitName Value="dbgInfoTypes"/>
        <CursorPos X="1" Y="19"/>
        <TopLine Value="1"/>
        <UsageCount Value="14"/>
      </Unit3>
      <Unit4>
        <Filename Value="E:\FPC_Laz\fpc\packages\fcl-res\src\resource.pp"/>
        <UnitName Value="resource"/>
        <CursorPos X="1" Y="43"/>
        <TopLine Value="43"/>
        <UsageCount Value="10"/>
      </Unit4>
      <Unit5>
        <Filename Value="..\dubylib\dbgloader.pp"/>
        <UnitName Value="DbgLoader"/>
        <CursorPos X="1" Y="275"/>
        <TopLine Value="266"/>
        <UsageCount Value="10"/>
        <Bookmarks Count="1">
          <Item0 X="5" Y="266" ID="1"/>
        </Bookmarks>
      </Unit5>
      <Unit6>
        <Filename Value="..\dubylib\dbgpetypes.pp"/>
        <UnitName Value="DbgPETypes"/>
        <CursorPos X="1" Y="1"/>
        <TopLine Value="1"/>
        <UsageCount Value="12"/>
      </Unit6>
      <Unit7>
        <Filename Value="E:\FPC_Laz\fpc\rtl\win32\windows.pp"/>
        <UnitName Value="windows"/>
        <CursorPos X="1" Y="1"/>
        <TopLine Value="1"/>
        <UsageCount Value="9"/>
      </Unit7>
      <Unit8>
        <Filename Value="E:\FPC_Laz\fpc\rtl\win\wininc\struct.inc"/>
        <CursorPos X="16" Y="6927"/>
        <TopLine Value="6904"/>
        <UsageCount Value="9"/>
      </Unit8>
      <Unit9>
        <Filename Value="cmdloop.pas"/>
        <UnitName Value="cmdloop"/>
        <CursorPos X="20" Y="169"/>
        <TopLine Value="161"/>
        <EditorIndex Value="3"/>
        <UsageCount Value="10"/>
        <Loaded Value="True"/>
      </Unit9>
      <Unit10>
        <Filename Value="..\dubylib\dbgtypes.pas"/>
        <UnitName Value="dbgTypes"/>
        <CursorPos X="40" Y="206"/>
        <TopLine Value="196"/>
        <EditorIndex Value="4"/>
        <UsageCount Value="10"/>
        <Loaded Value="True"/>
      </Unit10>
      <Unit11>
        <Filename Value="..\dubylib\pesource.pas"/>
        <UnitName Value="PESource"/>
        <CursorPos X="38" Y="88"/>
        <TopLine Value="85"/>
        <UsageCount Value="13"/>
      </Unit11>
      <Unit12>
        <Filename Value="..\dubylib\macdbgtype.pas"/>
        <UnitName Value="macDbgType"/>
        <CursorPos X="1" Y="1"/>
        <TopLine Value="1"/>
        <EditorIndex Value="2"/>
        <UsageCount Value="13"/>
        <Bookmarks Count="2">
          <Item0 X="1" Y="254" ID="1"/>
          <Item1 X="21" Y="147" ID="2"/>
        </Bookmarks>
        <Loaded Value="True"/>
      </Unit12>
      <Unit13>
        <Filename Value="..\..\..\gdb-768\doc\README-relnotes.txt"/>
        <CursorPos X="1" Y="1"/>
        <TopLine Value="13"/>
        <UsageCount Value="9"/>
        <SyntaxHighlighter Value="None"/>
      </Unit13>
      <Unit14>
        <Filename Value="..\..\..\gdb-768\conf\carbon.gdb"/>
        <CursorPos X="1" Y="1"/>
        <TopLine Value="1"/>
        <UsageCount Value="9"/>
        <SyntaxHighlighter Value="None"/>
      </Unit14>
      <Unit15>
        <Filename Value="..\..\..\gdb-768\conf\macsbug.gdb"/>
        <CursorPos X="84" Y="3840"/>
        <TopLine Value="3809"/>
        <UsageCount Value="9"/>
        <SyntaxHighlighter Value="None"/>
      </Unit15>
      <Unit16>
        <Filename Value="..\..\..\gdb-768\bin\config\i386_flavors.txt"/>
        <CursorPos X="29" Y="10"/>
        <TopLine Value="1"/>
        <UsageCount Value="9"/>
        <SyntaxHighlighter Value="None"/>
      </Unit16>
      <Unit17>
        <Filename Value="..\..\..\gdb-768\macsbug\README.txt"/>
        <CursorPos X="1" Y="1"/>
        <TopLine Value="1"/>
        <UsageCount Value="9"/>
        <SyntaxHighlighter Value="None"/>
      </Unit17>
      <Unit18>
        <Filename Value="..\..\..\gdb-768\src\README"/>
        <CursorPos X="1" Y="1"/>
        <TopLine Value="47"/>
        <UsageCount Value="9"/>
        <SyntaxHighlighter Value="None"/>
      </Unit18>
      <Unit19>
        <Filename Value="..\..\..\gdb-768\src\gdb\macosx\machoread.c"/>
        <CursorPos X="33" Y="563"/>
        <TopLine Value="1"/>
        <UsageCount Value="9"/>
        <SyntaxHighlighter Value="C++"/>
      </Unit19>
      <Unit20>
        <Filename Value="..\..\..\gdb-768\src\gdb\macosx\macosx.defs"/>
        <CursorPos X="1" Y="1"/>
        <TopLine Value="1"/>
        <UsageCount Value="9"/>
        <SyntaxHighlighter Value="None"/>
      </Unit20>
      <Unit21>
        <Filename Value="..\..\..\gdb-768\src\gdb\macosx\macosx-self-backtrace.c"/>
        <CursorPos X="80" Y="25"/>
        <TopLine Value="15"/>
        <UsageCount Value="9"/>
        <SyntaxHighlighter Value="C++"/>
      </Unit21>
      <Unit22>
        <Filename Value="..\..\..\gdb-768\src\gdb\macosx\macosx-nat-cfm.c"/>
        <CursorPos X="1" Y="1"/>
        <TopLine Value="395"/>
        <UsageCount Value="9"/>
        <SyntaxHighlighter Value="C++"/>
      </Unit22>
      <Unit23>
        <Filename Value="memviewer.pas"/>
        <UnitName Value="memviewer"/>
        <CursorPos X="75" Y="149"/>
        <TopLine Value="134"/>
        <EditorIndex Value="5"/>
        <UsageCount Value="10"/>
        <Loaded Value="True"/>
      </Unit23>
      <Unit24>
        <Filename Value="macdbgproc.pas"/>
        <UnitName Value="macDbgProc"/>
        <CursorPos X="1" Y="1"/>
        <TopLine Value="1"/>
        <UsageCount Value="11"/>
      </Unit24>
      <Unit25>
        <Filename Value="..\..\..\gdb-768\src\gdb\macosx\macosx-nat-inferior.c"/>
        <CursorPos X="1" Y="1"/>
        <TopLine Value="1"/>
        <UsageCount Value="10"/>
        <Bookmarks Count="1">
          <Item0 X="1" Y="811" ID="1"/>
        </Bookmarks>
        <SyntaxHighlighter Value="C++"/>
      </Unit25>
      <Unit26>
        <Filename Value="..\dubylib\machapi.pas"/>
        <UnitName Value="machapi"/>
        <CursorPos X="12" Y="3373"/>
        <TopLine Value="3362"/>
        <EditorIndex Value="8"/>
        <UsageCount Value="12"/>
        <Bookmarks Count="1">
          <Item0 X="24" Y="838" ID="3"/>
        </Bookmarks>
        <Loaded Value="True"/>
      </Unit26>
      <Unit27>
        <Filename Value="..\..\..\gdb-768\src\gdb\macosx\ChangeLog"/>
        <CursorPos X="38" Y="1583"/>
        <TopLine Value="1570"/>
        <UsageCount Value="9"/>
        <SyntaxHighlighter Value="None"/>
      </Unit27>
      <Unit28>
        <Filename Value="..\..\..\gdb-768\src\gdb\macosx\macosx-nat-cmds-load.c"/>
        <CursorPos X="40" Y="76"/>
        <TopLine Value="68"/>
        <UsageCount Value="9"/>
        <SyntaxHighlighter Value="C++"/>
      </Unit28>
      <Unit29>
        <Filename Value="..\..\..\gdb-768\src\gdb\macosx\gdb.xcodeproj\project.pbxproj"/>
        <CursorPos X="44" Y="5801"/>
        <TopLine Value="5794"/>
        <UsageCount Value="9"/>
        <SyntaxHighlighter Value="None"/>
      </Unit29>
      <Unit30>
        <Filename Value="..\..\..\gdb-768\src\gdb\fork-child.c"/>
        <CursorPos X="36" Y="659"/>
        <TopLine Value="644"/>
        <UsageCount Value="9"/>
        <SyntaxHighlighter Value="C++"/>
      </Unit30>
      <Unit31>
        <Filename Value="..\..\..\gdb-768\src\gdb\environ.c"/>
        <CursorPos X="16" Y="111"/>
        <TopLine Value="106"/>
        <UsageCount Value="9"/>
        <SyntaxHighlighter Value="C++"/>
      </Unit31>
      <Unit32>
        <Filename Value="..\dubylib\macptrace.pas"/>
        <UnitName Value="macPtrace"/>
        <CursorPos X="1" Y="31"/>
        <TopLine Value="31"/>
        <EditorIndex Value="1"/>
        <UsageCount Value="11"/>
        <Loaded Value="True"/>
      </Unit32>
      <Unit33>
        <Filename Value="..\..\..\gdb-768\src\gdb\inf-ptrace.c"/>
        <CursorPos X="32" Y="103"/>
        <TopLine Value="91"/>
        <UsageCount Value="9"/>
        <SyntaxHighlighter Value="C++"/>
      </Unit33>
      <Unit34>
        <Filename Value="..\..\..\gdb-768\src\gdb\macosx\macosx-nat-inferior-util.c"/>
        <CursorPos X="26" Y="121"/>
        <TopLine Value="93"/>
        <UsageCount Value="9"/>
        <SyntaxHighlighter Value="C++"/>
      </Unit34>
      <Unit35>
        <Filename Value="..\dubylib\pereader.pas"/>
        <UnitName Value="PEreader"/>
        <CursorPos X="15" Y="10"/>
        <TopLine Value="1"/>
        <UsageCount Value="28"/>
        <Bookmarks Count="1">
          <Item0 X="1" Y="11" ID="1"/>
        </Bookmarks>
      </Unit35>
      <Unit36>
        <Filename Value="E:\FPC_Laz\Lazarus\debugger\fpdebug\fpd\fpdpeimage.pas"/>
        <UnitName Value="FPDPEImage"/>
        <CursorPos X="11" Y="43"/>
        <TopLine Value="27"/>
        <UsageCount Value="10"/>
      </Unit36>
      <Unit37>
        <Filename Value="E:\FPC_Laz\Lazarus\debugger\fpdebug\dbgloader.pp"/>
        <UnitName Value="DbgLoader"/>
        <CursorPos X="25" Y="95"/>
        <TopLine Value="80"/>
        <UsageCount Value="10"/>
        <Bookmarks Count="1">
          <Item0 X="3" Y="173" ID="2"/>
        </Bookmarks>
      </Unit37>
      <Unit38>
        <Filename Value="E:\FPC_Laz\Lazarus\debugger\fpdebug\dbgpetypes.pp"/>
        <UnitName Value="DbgPETypes"/>
        <CursorPos X="1" Y="6"/>
        <TopLine Value="1"/>
        <UsageCount Value="10"/>
      </Unit38>
      <Unit39>
        <Filename Value="..\dubylib\nixdbgtypes.pas"/>
        <UnitName Value="nixDbgTypes"/>
        <CursorPos X="28" Y="30"/>
        <TopLine Value="15"/>
        <UsageCount Value="10"/>
      </Unit39>
      <Unit40>
        <Filename Value="..\dubylib\windbgtypes.pas"/>
        <UnitName Value="winDbgTypes"/>
        <CursorPos X="1" Y="4"/>
        <TopLine Value="1"/>
        <UsageCount Value="11"/>
      </Unit40>
      <Unit41>
        <Filename Value="execview.pas"/>
        <UnitName Value="execview"/>
        <CursorPos X="15" Y="15"/>
        <TopLine Value="1"/>
        <UsageCount Value="25"/>
      </Unit41>
      <Unit42>
        <Filename Value="commands.pas"/>
        <UnitName Value="commands"/>
        <CursorPos X="85" Y="15"/>
        <TopLine Value="1"/>
        <UsageCount Value="10"/>
      </Unit42>
      <Unit43>
        <Filename Value="E:\FPC_Laz\fpc\packages\fcl-base\src\contnrs.pp"/>
        <UnitName Value="contnrs"/>
        <CursorPos X="1" Y="1"/>
        <TopLine Value="1"/>
        <UsageCount Value="10"/>
      </Unit43>
      <Unit44>
        <Filename Value="..\dubylib\dbginfostabs.pas"/>
        <UnitName Value="dbgInfoStabs"/>
        <CursorPos X="41" Y="104"/>
        <TopLine Value="95"/>
        <UsageCount Value="11"/>
      </Unit44>
      <Unit45>
        <Filename Value="..\debugstabs.pas"/>
        <UnitName Value="debugStabs"/>
        <CursorPos X="15" Y="109"/>
        <TopLine Value="95"/>
        <UsageCount Value="11"/>
      </Unit45>
      <Unit46>
        <Filename Value="..\dubylib\macdbgproc.pas"/>
        <IsPartOfProject Value="True"/>
        <UnitName Value="macDbgProc"/>
        <CursorPos X="17" Y="1"/>
        <TopLine Value="1"/>
        <EditorIndex Value="9"/>
        <UsageCount Value="22"/>
        <Loaded Value="True"/>
      </Unit46>
      <Unit47>
        <Filename Value="..\dubylib\mach_port.pas"/>
        <UnitName Value="mach_port"/>
        <CursorPos X="33" Y="142"/>
        <TopLine Value="127"/>
        <EditorIndex Value="7"/>
        <UsageCount Value="11"/>
        <Loaded Value="True"/>
      </Unit47>
      <Unit48>
        <Filename Value="..\dubylib\dbgUtils.pas"/>
        <UnitName Value="dbgUtils"/>
        <CursorPos X="41" Y="28"/>
        <TopLine Value="23"/>
        <EditorIndex Value="6"/>
        <UsageCount Value="10"/>
        <Loaded Value="True"/>
      </Unit48>
    </Units>
    <JumpHistory Count="30" HistoryIndex="29">
      <Position1>
        <Filename Value="..\dubylib\machapi.pas"/>
        <Caret Line="1" Column="1" TopLine="1"/>
      </Position1>
      <Position2>
        <Filename Value="..\dubylib\machapi.pas"/>
        <Caret Line="3309" Column="62" TopLine="3293"/>
      </Position2>
      <Position3>
        <Filename Value="..\dubylib\machapi.pas"/>
        <Caret Line="3340" Column="1" TopLine="3323"/>
      </Position3>
      <Position4>
        <Filename Value="..\dubylib\machapi.pas"/>
        <Caret Line="3415" Column="46" TopLine="3391"/>
      </Position4>
      <Position5>
        <Filename Value="..\dubylib\macdbgtype.pas"/>
        <Caret Line="241" Column="17" TopLine="228"/>
      </Position5>
      <Position6>
        <Filename Value="..\dubylib\macdbgtype.pas"/>
        <Caret Line="221" Column="23" TopLine="212"/>
      </Position6>
      <Position7>
        <Filename Value="..\dubylib\machapi.pas"/>
        <Caret Line="3367" Column="19" TopLine="3361"/>
      </Position7>
      <Position8>
        <Filename Value="..\dubylib\macdbgtype.pas"/>
        <Caret Line="259" Column="42" TopLine="239"/>
      </Position8>
      <Position9>
        <Filename Value="..\dubylib\macdbgtype.pas"/>
        <Caret Line="257" Column="35" TopLine="241"/>
      </Position9>
      <Position10>
        <Filename Value="..\dubylib\macdbgtype.pas"/>
        <Caret Line="202" Column="9" TopLine="186"/>
      </Position10>
      <Position11>
        <Filename Value="..\dubylib\macdbgtype.pas"/>
        <Caret Line="257" Column="49" TopLine="241"/>
      </Position11>
      <Position12>
        <Filename Value="..\dubylib\macdbgtype.pas"/>
        <Caret Line="256" Column="42" TopLine="240"/>
      </Position12>
      <Position13>
        <Filename Value="..\dubylib\machapi.pas"/>
        <Caret Line="3369" Column="23" TopLine="3353"/>
      </Position13>
      <Position14>
        <Filename Value="..\dubylib\macdbgtype.pas"/>
        <Caret Line="256" Column="42" TopLine="240"/>
      </Position14>
      <Position15>
        <Filename Value="..\dubylib\machapi.pas"/>
        <Caret Line="1" Column="1" TopLine="1"/>
      </Position15>
      <Position16>
        <Filename Value="..\dubylib\machapi.pas"/>
        <Caret Line="3319" Column="36" TopLine="3308"/>
      </Position16>
      <Position17>
        <Filename Value="..\dubylib\macdbgtype.pas"/>
        <Caret Line="221" Column="23" TopLine="212"/>
      </Position17>
      <Position18>
        <Filename Value="cmdloop.pas"/>
        <Caret Line="1" Column="1" TopLine="1"/>
      </Position18>
      <Position19>
        <Filename Value="cmdloop.pas"/>
        <Caret Line="169" Column="20" TopLine="161"/>
      </Position19>
      <Position20>
        <Filename Value="..\dubylib\dbgUtils.pas"/>
        <Caret Line="1" Column="1" TopLine="1"/>
      </Position20>
      <Position21>
        <Filename Value="..\dubylib\dbgUtils.pas"/>
        <Caret Line="11" Column="32" TopLine="2"/>
      </Position21>
      <Position22>
        <Filename Value="..\dubylib\dbgUtils.pas"/>
        <Caret Line="21" Column="14" TopLine="11"/>
      </Position22>
      <Position23>
        <Filename Value="..\dubylib\dbgUtils.pas"/>
        <Caret Line="38" Column="14" TopLine="28"/>
      </Position23>
      <Position24>
        <Filename Value="..\dubylib\dbgUtils.pas"/>
        <Caret Line="11" Column="32" TopLine="2"/>
      </Position24>
      <Position25>
        <Filename Value="..\dubylib\dbgUtils.pas"/>
        <Caret Line="28" Column="41" TopLine="23"/>
      </Position25>
      <Position26>
        <Filename Value="memviewer.pas"/>
        <Caret Line="72" Column="44" TopLine="53"/>
      </Position26>
      <Position27>
        <Filename Value="memviewer.pas"/>
        <Caret Line="156" Column="32" TopLine="141"/>
      </Position27>
      <Position28>
        <Filename Value="memviewer.pas"/>
        <Caret Line="149" Column="75" TopLine="134"/>
      </Position28>
      <Position29>
        <Filename Value="..\dubylib\dbgtypes.pas"/>
        <Caret Line="80" Column="3" TopLine="77"/>
      </Position29>
      <Position30>
        <Filename Value="..\dubylib\dbgtypes.pas"/>
        <Caret Line="201" Column="1" TopLine="172"/>
      </Position30>
    </JumpHistory>
  </ProjectOptions>
  <CompilerOptions>
    <Version Value="8"/>
    <PathDelim Value="\"/>
    <SearchPaths>
      <IncludeFiles Value="$(ProjOutDir)\"/>
      <OtherUnitFiles Value="..\dubylib\;C:\SourceForge\duby\dubylib\stabs\"/>
      <SrcPath Value="..\dubylib\"/>
    </SearchPaths>
    <Other>
      <CompilerMessages>
        <IgnoredMessages idx3189="True" idx4055="True" idx4079="True" idx4080="True" idx4081="True" idx5024="True" idx5057="True" idx5058="True" idx5060="True"/>
      </CompilerMessages>
      <CompilerPath Value="$(CompPath)"/>
    </Other>
  </CompilerOptions>
  <Debugging>
    <BreakPoints Count="1">
      <Item1>
        <Source Value="..\dubylib\machapi.pas"/>
        <Line Value="14"/>
      </Item1>
    </BreakPoints>
    <Exceptions Count="3">
      <Item1>
        <Name Value="EAbort"/>
      </Item1>
      <Item2>
        <Name Value="ECodetoolError"/>
      </Item2>
      <Item3>
        <Name Value="EFOpenError"/>
      </Item3>
    </Exceptions>
  </Debugging>
</CONFIG>
