<?xml version="1.0"?>
<CONFIG>
  <ProjectOptions>
    <PathDelim Value="\"/>
    <Version Value="7"/>
    <General>
      <Flags>
        <MainUnitHasUsesSectionForAllUnits Value="False"/>
        <MainUnitHasCreateFormStatements Value="False"/>
        <MainUnitHasTitleStatement Value="False"/>
      </Flags>
      <MainUnit Value="0"/>
      <TargetFileExt Value=".exe"/>
      <UseXPManifest Value="True"/>
      <ActiveEditorIndexAtStart Value="0"/>
    </General>
    <VersionInfo>
      <ProjectVersion Value=""/>
      <Language Value=""/>
      <CharSet Value=""/>
    </VersionInfo>
    <PublishOptions>
      <Version Value="2"/>
      <IgnoreBinaries Value="False"/>
      <IncludeFileFilter Value="*.(pas|pp|inc|lfm|lpr|lrs|lpi|lpk|sh|xml)"/>
      <ExcludeFileFilter Value="*.(bak|ppu|ppw|o|so);*~;backup"/>
    </PublishOptions>
    <RunParams>
      <local>
        <FormatVersion Value="1"/>
        <LaunchingApplication PathPlusParams="\usr\X11R6\bin\xterm -T 'Lazarus Run Output' -e $(LazarusDir)\tools\runwait.sh $(TargetCmdLine)"/>
      </local>
    </RunParams>
    <Units Count="12">
      <Unit0>
        <Filename Value="fpdebugger.pas"/>
        <IsPartOfProject Value="True"/>
        <UnitName Value="fpdebugger"/>
        <CursorPos X="15" Y="20"/>
        <TopLine Value="12"/>
        <EditorIndex Value="0"/>
        <UsageCount Value="28"/>
        <Loaded Value="True"/>
      </Unit0>
      <Unit1>
        <Filename Value="..\fpdbglib\dbgTypes.pas"/>
        <IsPartOfProject Value="True"/>
        <UnitName Value="dbgTypes"/>
        <CursorPos X="20" Y="31"/>
        <TopLine Value="23"/>
        <EditorIndex Value="2"/>
        <UsageCount Value="28"/>
        <Loaded Value="True"/>
      </Unit1>
      <Unit2>
        <Filename Value="E:\FPC_Laz\fpc\rtl\inc\systemh.inc"/>
        <CursorPos X="3" Y="485"/>
        <TopLine Value="470"/>
        <UsageCount Value="9"/>
      </Unit2>
      <Unit3>
        <Filename Value="..\fpdbglib\winDbgTypes.pas"/>
        <IsPartOfProject Value="True"/>
        <UnitName Value="winDbgTypes"/>
        <CursorPos X="21" Y="9"/>
        <TopLine Value="1"/>
        <UsageCount Value="28"/>
      </Unit3>
      <Unit4>
        <Filename Value="..\fpdbglib\nixDbgTypes.pas"/>
        <IsPartOfProject Value="True"/>
        <UnitName Value="nixDbgTypes"/>
        <CursorPos X="10" Y="90"/>
        <TopLine Value="67"/>
        <UsageCount Value="28"/>
        <Bookmarks Count="1">
          <Item0 X="14" Y="16" ID="1"/>
        </Bookmarks>
      </Unit4>
      <Unit5>
        <Filename Value="..\fpdbglib\nixPtrace.pas"/>
        <IsPartOfProject Value="True"/>
        <UnitName Value="nixPtrace"/>
        <CursorPos X="15" Y="27"/>
        <TopLine Value="19"/>
        <UsageCount Value="28"/>
        <Bookmarks Count="1">
          <Item0 X="52" Y="173" ID="2"/>
        </Bookmarks>
      </Unit5>
      <Unit6>
        <Filename Value="..\..\..\..\..\usr\src\linux-headers-2.6.24-16\include\linux\ptrace.h"/>
        <CursorPos X="12" Y="3"/>
        <TopLine Value="1"/>
        <UsageCount Value="10"/>
        <SyntaxHighlighter Value="C++"/>
      </Unit6>
      <Unit7>
        <Filename Value="..\..\..\..\..\usr\src\linux-headers-2.6.24-23-generic\arch\sh\Kconfig"/>
        <CursorPos X="49" Y="611"/>
        <TopLine Value="608"/>
        <UsageCount Value="10"/>
        <SyntaxHighlighter Value="None"/>
      </Unit7>
      <Unit8>
        <Filename Value="..\..\..\..\..\usr\src\linux-headers-2.6.24-23-generic\include\linux\ptrace.h"/>
        <CursorPos X="70" Y="2"/>
        <TopLine Value="1"/>
        <UsageCount Value="12"/>
        <SyntaxHighlighter Value="C++"/>
      </Unit8>
      <Unit9>
        <Filename Value="..\..\..\..\..\usr\include\sys\ptrace.h"/>
        <CursorPos X="1" Y="168"/>
        <TopLine Value="160"/>
        <UsageCount Value="10"/>
        <SyntaxHighlighter Value="C++"/>
      </Unit9>
      <Unit10>
        <Filename Value="..\fpdbglib\macDbgType.pas"/>
        <IsPartOfProject Value="True"/>
        <UnitName Value="macDbgType"/>
        <CursorPos X="22" Y="163"/>
        <TopLine Value="163"/>
        <EditorIndex Value="1"/>
        <UsageCount Value="22"/>
        <Loaded Value="True"/>
      </Unit10>
      <Unit11>
        <Filename Value="..\fpdbglib\machapi.pas"/>
        <UnitName Value="machapi"/>
        <CursorPos X="1" Y="1"/>
        <TopLine Value="1"/>
        <UsageCount Value="10"/>
      </Unit11>
    </Units>
    <JumpHistory Count="30" HistoryIndex="29">
      <Position1>
        <Filename Value="..\fpdbglib\macDbgType.pas"/>
        <Caret Line="49" Column="18" TopLine="29"/>
      </Position1>
      <Position2>
        <Filename Value="fpdebugger.pas"/>
        <Caret Line="16" Column="13" TopLine="1"/>
      </Position2>
      <Position3>
        <Filename Value="fpdebugger.pas"/>
        <Caret Line="10" Column="4" TopLine="1"/>
      </Position3>
      <Position4>
        <Filename Value="..\fpdbglib\macDbgType.pas"/>
        <Caret Line="22" Column="1" TopLine="13"/>
      </Position4>
      <Position5>
        <Filename Value="..\fpdbglib\macDbgType.pas"/>
        <Caret Line="32" Column="9" TopLine="18"/>
      </Position5>
      <Position6>
        <Filename Value="..\fpdbglib\macDbgType.pas"/>
        <Caret Line="42" Column="37" TopLine="30"/>
      </Position6>
      <Position7>
        <Filename Value="..\fpdbglib\macDbgType.pas"/>
        <Caret Line="55" Column="1" TopLine="43"/>
      </Position7>
      <Position8>
        <Filename Value="..\fpdbglib\macDbgType.pas"/>
        <Caret Line="79" Column="1" TopLine="79"/>
      </Position8>
      <Position9>
        <Filename Value="..\fpdbglib\macDbgType.pas"/>
        <Caret Line="25" Column="1" TopLine="13"/>
      </Position9>
      <Position10>
        <Filename Value="fpdebugger.pas"/>
        <Caret Line="16" Column="30" TopLine="1"/>
      </Position10>
      <Position11>
        <Filename Value="..\fpdbglib\macDbgType.pas"/>
        <Caret Line="12" Column="28" TopLine="2"/>
      </Position11>
      <Position12>
        <Filename Value="..\fpdbglib\macDbgType.pas"/>
        <Caret Line="62" Column="26" TopLine="50"/>
      </Position12>
      <Position13>
        <Filename Value="fpdebugger.pas"/>
        <Caret Line="26" Column="40" TopLine="8"/>
      </Position13>
      <Position14>
        <Filename Value="fpdebugger.pas"/>
        <Caret Line="22" Column="7" TopLine="13"/>
      </Position14>
      <Position15>
        <Filename Value="fpdebugger.pas"/>
        <Caret Line="21" Column="36" TopLine="9"/>
      </Position15>
      <Position16>
        <Filename Value="..\fpdbglib\macDbgType.pas"/>
        <Caret Line="33" Column="1" TopLine="18"/>
      </Position16>
      <Position17>
        <Filename Value="..\fpdbglib\macDbgType.pas"/>
        <Caret Line="17" Column="31" TopLine="5"/>
      </Position17>
      <Position18>
        <Filename Value="..\fpdbglib\dbgTypes.pas"/>
        <Caret Line="29" Column="1" TopLine="13"/>
      </Position18>
      <Position19>
        <Filename Value="fpdebugger.pas"/>
        <Caret Line="21" Column="44" TopLine="9"/>
      </Position19>
      <Position20>
        <Filename Value="fpdebugger.pas"/>
        <Caret Line="27" Column="16" TopLine="4"/>
      </Position20>
      <Position21>
        <Filename Value="fpdebugger.pas"/>
        <Caret Line="12" Column="23" TopLine="1"/>
      </Position21>
      <Position22>
        <Filename Value="..\fpdbglib\macDbgType.pas"/>
        <Caret Line="33" Column="18" TopLine="21"/>
      </Position22>
      <Position23>
        <Filename Value="..\fpdbglib\macDbgType.pas"/>
        <Caret Line="91" Column="1" TopLine="68"/>
      </Position23>
      <Position24>
        <Filename Value="..\fpdbglib\macDbgType.pas"/>
        <Caret Line="54" Column="1" TopLine="37"/>
      </Position24>
      <Position25>
        <Filename Value="..\fpdbglib\macDbgType.pas"/>
        <Caret Line="152" Column="17" TopLine="137"/>
      </Position25>
      <Position26>
        <Filename Value="..\fpdbglib\macDbgType.pas"/>
        <Caret Line="13" Column="3" TopLine="1"/>
      </Position26>
      <Position27>
        <Filename Value="..\fpdbglib\macDbgType.pas"/>
        <Caret Line="154" Column="1" TopLine="142"/>
      </Position27>
      <Position28>
        <Filename Value="..\fpdbglib\macDbgType.pas"/>
        <Caret Line="16" Column="1" TopLine="1"/>
      </Position28>
      <Position29>
        <Filename Value="..\fpdbglib\macDbgType.pas"/>
        <Caret Line="73" Column="18" TopLine="49"/>
      </Position29>
      <Position30>
        <Filename Value="fpdebugger.pas"/>
        <Caret Line="13" Column="1" TopLine="1"/>
      </Position30>
    </JumpHistory>
  </ProjectOptions>
  <CompilerOptions>
    <Version Value="8"/>
    <PathDelim Value="\"/>
    <SearchPaths>
      <IncludeFiles Value="$(ProjOutDir)\"/>
      <OtherUnitFiles Value="..\fpdbglib\"/>
      <SrcPath Value="..\fpdbglib\"/>
    </SearchPaths>
    <Other>
      <CompilerMessages>
        <IgnoredMessages idx3189="True" idx4055="True" idx4079="True" idx4080="True" idx4081="True" idx5024="True" idx5057="True" idx5058="True" idx5060="True"/>
      </CompilerMessages>
      <CompilerPath Value="$(CompPath)"/>
    </Other>
  </CompilerOptions>
  <Debugging>
    <Exceptions Count="3">
      <Item1>
        <Name Value="EAbort"/>
      </Item1>
      <Item2>
        <Name Value="ECodetoolError"/>
      </Item2>
      <Item3>
        <Name Value="EFOpenError"/>
      </Item3>
    </Exceptions>
  </Debugging>
</CONFIG>
