<?xml version="1.0"?>
<CONFIG>
  <ProjectOptions>
    <PathDelim Value="\"/>
    <Version Value="7"/>
    <General>
      <Flags>
        <MainUnitHasUsesSectionForAllUnits Value="False"/>
        <MainUnitHasCreateFormStatements Value="False"/>
        <MainUnitHasTitleStatement Value="False"/>
      </Flags>
      <MainUnit Value="0"/>
      <TargetFileExt Value=".exe"/>
      <UseXPManifest Value="True"/>
      <ActiveEditorIndexAtStart Value="1"/>
    </General>
    <VersionInfo>
      <ProjectVersion Value=""/>
      <Language Value=""/>
      <CharSet Value=""/>
    </VersionInfo>
    <PublishOptions>
      <Version Value="2"/>
      <IgnoreBinaries Value="False"/>
      <IncludeFileFilter Value="*.(pas|pp|inc|lfm|lpr|lrs|lpi|lpk|sh|xml)"/>
      <ExcludeFileFilter Value="*.(bak|ppu|ppw|o|so);*~;backup"/>
    </PublishOptions>
    <RunParams>
      <local>
        <FormatVersion Value="1"/>
        <LaunchingApplication PathPlusParams="\usr\X11R6\bin\xterm -T 'Lazarus Run Output' -e $(LazarusDir)\tools\runwait.sh $(TargetCmdLine)"/>
      </local>
    </RunParams>
    <Units Count="10">
      <Unit0>
        <Filename Value="fpdebugger.pas"/>
        <IsPartOfProject Value="True"/>
        <UnitName Value="fpdebugger"/>
        <CursorPos X="1" Y="12"/>
        <TopLine Value="6"/>
        <EditorIndex Value="0"/>
        <UsageCount Value="26"/>
        <Loaded Value="True"/>
      </Unit0>
      <Unit1>
        <Filename Value="..\fpdbglib\dbgTypes.pas"/>
        <IsPartOfProject Value="True"/>
        <UnitName Value="dbgTypes"/>
        <CursorPos X="37" Y="33"/>
        <TopLine Value="27"/>
        <EditorIndex Value="3"/>
        <UsageCount Value="26"/>
        <Loaded Value="True"/>
      </Unit1>
      <Unit2>
        <Filename Value="E:\FPC_Laz\fpc\rtl\inc\systemh.inc"/>
        <CursorPos X="3" Y="485"/>
        <TopLine Value="470"/>
        <UsageCount Value="9"/>
      </Unit2>
      <Unit3>
        <Filename Value="..\fpdbglib\winDbgTypes.pas"/>
        <IsPartOfProject Value="True"/>
        <UnitName Value="winDbgTypes"/>
        <CursorPos X="21" Y="9"/>
        <TopLine Value="1"/>
        <EditorIndex Value="5"/>
        <UsageCount Value="26"/>
        <Loaded Value="True"/>
      </Unit3>
      <Unit4>
        <Filename Value="..\fpdbglib\nixDbgTypes.pas"/>
        <IsPartOfProject Value="True"/>
        <UnitName Value="nixDbgTypes"/>
        <CursorPos X="27" Y="81"/>
        <TopLine Value="76"/>
        <EditorIndex Value="1"/>
        <UsageCount Value="26"/>
        <Bookmarks Count="1">
          <Item0 X="14" Y="16" ID="1"/>
        </Bookmarks>
        <Loaded Value="True"/>
      </Unit4>
      <Unit5>
        <Filename Value="..\fpdbglib\nixPtrace.pas"/>
        <IsPartOfProject Value="True"/>
        <UnitName Value="nixPtrace"/>
        <CursorPos X="15" Y="27"/>
        <TopLine Value="19"/>
        <EditorIndex Value="2"/>
        <UsageCount Value="26"/>
        <Bookmarks Count="1">
          <Item0 X="52" Y="173" ID="2"/>
        </Bookmarks>
        <Loaded Value="True"/>
      </Unit5>
      <Unit6>
        <Filename Value="..\..\..\..\..\usr\src\linux-headers-2.6.24-16\include\linux\ptrace.h"/>
        <CursorPos X="12" Y="3"/>
        <TopLine Value="1"/>
        <UsageCount Value="10"/>
        <SyntaxHighlighter Value="C++"/>
      </Unit6>
      <Unit7>
        <Filename Value="..\..\..\..\..\usr\src\linux-headers-2.6.24-23-generic\arch\sh\Kconfig"/>
        <CursorPos X="49" Y="611"/>
        <TopLine Value="608"/>
        <UsageCount Value="10"/>
        <SyntaxHighlighter Value="None"/>
      </Unit7>
      <Unit8>
        <Filename Value="..\..\..\..\..\usr\src\linux-headers-2.6.24-23-generic\include\linux\ptrace.h"/>
        <CursorPos X="70" Y="2"/>
        <TopLine Value="1"/>
        <EditorIndex Value="4"/>
        <UsageCount Value="12"/>
        <Loaded Value="True"/>
        <SyntaxHighlighter Value="C++"/>
      </Unit8>
      <Unit9>
        <Filename Value="..\..\..\..\..\usr\include\sys\ptrace.h"/>
        <CursorPos X="1" Y="168"/>
        <TopLine Value="160"/>
        <UsageCount Value="10"/>
        <SyntaxHighlighter Value="C++"/>
      </Unit9>
    </Units>
    <JumpHistory Count="30" HistoryIndex="29">
      <Position1>
        <Filename Value="..\fpdbglib\nixPtrace.pas"/>
        <Caret Line="18" Column="22" TopLine="11"/>
      </Position1>
      <Position2>
        <Filename Value="..\fpdbglib\nixPtrace.pas"/>
        <Caret Line="129" Column="1" TopLine="121"/>
      </Position2>
      <Position3>
        <Filename Value="..\fpdbglib\nixPtrace.pas"/>
        <Caret Line="23" Column="1" TopLine="18"/>
      </Position3>
      <Position4>
        <Filename Value="..\fpdbglib\nixPtrace.pas"/>
        <Caret Line="127" Column="4" TopLine="121"/>
      </Position4>
      <Position5>
        <Filename Value="..\fpdbglib\nixPtrace.pas"/>
        <Caret Line="1" Column="1" TopLine="1"/>
      </Position5>
      <Position6>
        <Filename Value="..\fpdbglib\nixPtrace.pas"/>
        <Caret Line="125" Column="36" TopLine="121"/>
      </Position6>
      <Position7>
        <Filename Value="..\fpdbglib\nixPtrace.pas"/>
        <Caret Line="1" Column="1" TopLine="1"/>
      </Position7>
      <Position8>
        <Filename Value="..\fpdbglib\nixPtrace.pas"/>
        <Caret Line="126" Column="42" TopLine="122"/>
      </Position8>
      <Position9>
        <Filename Value="..\fpdbglib\nixPtrace.pas"/>
        <Caret Line="134" Column="1" TopLine="130"/>
      </Position9>
      <Position10>
        <Filename Value="..\fpdbglib\nixPtrace.pas"/>
        <Caret Line="164" Column="22" TopLine="157"/>
      </Position10>
      <Position11>
        <Filename Value="..\fpdbglib\nixPtrace.pas"/>
        <Caret Line="168" Column="52" TopLine="160"/>
      </Position11>
      <Position12>
        <Filename Value="..\fpdbglib\nixPtrace.pas"/>
        <Caret Line="158" Column="16" TopLine="155"/>
      </Position12>
      <Position13>
        <Filename Value="..\fpdbglib\nixPtrace.pas"/>
        <Caret Line="1" Column="1" TopLine="1"/>
      </Position13>
      <Position14>
        <Filename Value="..\fpdbglib\nixPtrace.pas"/>
        <Caret Line="171" Column="1" TopLine="165"/>
      </Position14>
      <Position15>
        <Filename Value="..\fpdbglib\nixDbgTypes.pas"/>
        <Caret Line="44" Column="44" TopLine="41"/>
      </Position15>
      <Position16>
        <Filename Value="..\fpdbglib\nixPtrace.pas"/>
        <Caret Line="141" Column="25" TopLine="139"/>
      </Position16>
      <Position17>
        <Filename Value="..\fpdbglib\nixPtrace.pas"/>
        <Caret Line="1" Column="1" TopLine="1"/>
      </Position17>
      <Position18>
        <Filename Value="fpdebugger.pas"/>
        <Caret Line="9" Column="35" TopLine="1"/>
      </Position18>
      <Position19>
        <Filename Value="..\fpdbglib\nixDbgTypes.pas"/>
        <Caret Line="50" Column="1" TopLine="44"/>
      </Position19>
      <Position20>
        <Filename Value="fpdebugger.pas"/>
        <Caret Line="11" Column="1" TopLine="6"/>
      </Position20>
      <Position21>
        <Filename Value="fpdebugger.pas"/>
        <Caret Line="3" Column="29" TopLine="1"/>
      </Position21>
      <Position22>
        <Filename Value="..\fpdbglib\nixDbgTypes.pas"/>
        <Caret Line="21" Column="45" TopLine="16"/>
      </Position22>
      <Position23>
        <Filename Value="fpdebugger.pas"/>
        <Caret Line="13" Column="1" TopLine="6"/>
      </Position23>
      <Position24>
        <Filename Value="..\fpdbglib\nixPtrace.pas"/>
        <Caret Line="172" Column="1" TopLine="165"/>
      </Position24>
      <Position25>
        <Filename Value="..\fpdbglib\nixDbgTypes.pas"/>
        <Caret Line="55" Column="2" TopLine="52"/>
      </Position25>
      <Position26>
        <Filename Value="..\fpdbglib\nixDbgTypes.pas"/>
        <Caret Line="61" Column="5" TopLine="59"/>
      </Position26>
      <Position27>
        <Filename Value="..\fpdbglib\nixDbgTypes.pas"/>
        <Caret Line="16" Column="14" TopLine="12"/>
      </Position27>
      <Position28>
        <Filename Value="..\fpdbglib\nixDbgTypes.pas"/>
        <Caret Line="40" Column="40" TopLine="40"/>
      </Position28>
      <Position29>
        <Filename Value="..\fpdbglib\nixDbgTypes.pas"/>
        <Caret Line="60" Column="68" TopLine="58"/>
      </Position29>
      <Position30>
        <Filename Value="..\fpdbglib\nixDbgTypes.pas"/>
        <Caret Line="74" Column="13" TopLine="70"/>
      </Position30>
    </JumpHistory>
  </ProjectOptions>
  <CompilerOptions>
    <Version Value="8"/>
    <PathDelim Value="\"/>
    <SearchPaths>
      <IncludeFiles Value="$(ProjOutDir)\"/>
      <OtherUnitFiles Value="..\fpdbglib\"/>
      <SrcPath Value="..\fpdbglib\"/>
    </SearchPaths>
    <Other>
      <CompilerPath Value="$(CompPath)"/>
    </Other>
  </CompilerOptions>
  <Debugging>
    <Exceptions Count="3">
      <Item1>
        <Name Value="EAbort"/>
      </Item1>
      <Item2>
        <Name Value="ECodetoolError"/>
      </Item2>
      <Item3>
        <Name Value="EFOpenError"/>
      </Item3>
    </Exceptions>
  </Debugging>
</CONFIG>
