<?xml version="1.0"?>
<CONFIG>
  <ProjectOptions>
    <PathDelim Value="\"/>
    <Version Value="7"/>
    <General>
      <Flags>
        <MainUnitHasUsesSectionForAllUnits Value="False"/>
        <MainUnitHasCreateFormStatements Value="False"/>
        <MainUnitHasTitleStatement Value="False"/>
      </Flags>
      <MainUnit Value="0"/>
      <TargetFileExt Value=".exe"/>
      <UseXPManifest Value="True"/>
      <ActiveEditorIndexAtStart Value="1"/>
    </General>
    <VersionInfo>
      <ProjectVersion Value=""/>
      <Language Value=""/>
      <CharSet Value=""/>
    </VersionInfo>
    <PublishOptions>
      <Version Value="2"/>
      <IgnoreBinaries Value="False"/>
      <IncludeFileFilter Value="*.(pas|pp|inc|lfm|lpr|lrs|lpi|lpk|sh|xml)"/>
      <ExcludeFileFilter Value="*.(bak|ppu|ppw|o|so);*~;backup"/>
    </PublishOptions>
    <RunParams>
      <local>
        <FormatVersion Value="1"/>
        <LaunchingApplication PathPlusParams="\usr\X11R6\bin\xterm -T 'Lazarus Run Output' -e $(LazarusDir)\tools\runwait.sh $(TargetCmdLine)"/>
      </local>
    </RunParams>
    <Units Count="9">
      <Unit0>
        <Filename Value="fpdebugger.pas"/>
        <IsPartOfProject Value="True"/>
        <UnitName Value="fpdebugger"/>
        <CursorPos X="40" Y="8"/>
        <TopLine Value="1"/>
        <EditorIndex Value="0"/>
        <UsageCount Value="49"/>
        <Loaded Value="True"/>
      </Unit0>
      <Unit1>
        <Filename Value="..\dubylib\stabs\stabsinfo.pas"/>
        <UnitName Value="stabsinfo"/>
        <CursorPos X="1" Y="9"/>
        <TopLine Value="1"/>
        <EditorIndex Value="6"/>
        <UsageCount Value="11"/>
        <Loaded Value="True"/>
      </Unit1>
      <Unit2>
        <Filename Value="pesource.pas"/>
        <UnitName Value="PESource"/>
        <CursorPos X="1" Y="30"/>
        <TopLine Value="18"/>
        <EditorIndex Value="1"/>
        <UsageCount Value="11"/>
        <Loaded Value="True"/>
      </Unit2>
      <Unit3>
        <Filename Value="..\dubylib\dbginfotypes.pas"/>
        <UnitName Value="dbgInfoTypes"/>
        <CursorPos X="1" Y="29"/>
        <TopLine Value="10"/>
        <EditorIndex Value="5"/>
        <UsageCount Value="11"/>
        <Loaded Value="True"/>
      </Unit3>
      <Unit4>
        <Filename Value="E:\FPC_Laz\fpc\packages\fcl-res\src\resource.pp"/>
        <UnitName Value="resource"/>
        <CursorPos X="1" Y="57"/>
        <TopLine Value="57"/>
        <UsageCount Value="10"/>
      </Unit4>
      <Unit5>
        <Filename Value="..\dubylib\dbgloader.pp"/>
        <UnitName Value="DbgLoader"/>
        <CursorPos X="1" Y="275"/>
        <TopLine Value="266"/>
        <EditorIndex Value="3"/>
        <UsageCount Value="11"/>
        <Bookmarks Count="1">
          <Item0 X="5" Y="266" ID="1"/>
        </Bookmarks>
        <Loaded Value="True"/>
      </Unit5>
      <Unit6>
        <Filename Value="..\dubylib\dbgpetypes.pp"/>
        <UnitName Value="DbgPETypes"/>
        <CursorPos X="1" Y="598"/>
        <TopLine Value="598"/>
        <EditorIndex Value="2"/>
        <UsageCount Value="11"/>
        <Loaded Value="True"/>
      </Unit6>
      <Unit7>
        <Filename Value="E:\FPC_Laz\fpc\rtl\win32\windows.pp"/>
        <UnitName Value="windows"/>
        <CursorPos X="1" Y="1"/>
        <TopLine Value="1"/>
        <UsageCount Value="10"/>
      </Unit7>
      <Unit8>
        <Filename Value="E:\FPC_Laz\fpc\rtl\win\wininc\struct.inc"/>
        <CursorPos X="16" Y="6927"/>
        <TopLine Value="6904"/>
        <EditorIndex Value="4"/>
        <UsageCount Value="10"/>
        <Loaded Value="True"/>
      </Unit8>
    </Units>
    <JumpHistory Count="30" HistoryIndex="29">
      <Position1>
        <Filename Value="..\dubylib\dbgpetypes.pp"/>
        <Caret Line="1" Column="1" TopLine="1"/>
      </Position1>
      <Position2>
        <Filename Value="pesource.pas"/>
        <Caret Line="11" Column="26" TopLine="1"/>
      </Position2>
      <Position3>
        <Filename Value="..\dubylib\dbginfotypes.pas"/>
        <Caret Line="90" Column="1" TopLine="60"/>
      </Position3>
      <Position4>
        <Filename Value="..\dubylib\dbginfotypes.pas"/>
        <Caret Line="55" Column="13" TopLine="29"/>
      </Position4>
      <Position5>
        <Filename Value="..\dubylib\dbginfotypes.pas"/>
        <Caret Line="27" Column="1" TopLine="16"/>
      </Position5>
      <Position6>
        <Filename Value="..\dubylib\dbginfotypes.pas"/>
        <Caret Line="59" Column="30" TopLine="44"/>
      </Position6>
      <Position7>
        <Filename Value="..\dubylib\dbginfotypes.pas"/>
        <Caret Line="44" Column="42" TopLine="36"/>
      </Position7>
      <Position8>
        <Filename Value="..\dubylib\dbginfotypes.pas"/>
        <Caret Line="34" Column="10" TopLine="19"/>
      </Position8>
      <Position9>
        <Filename Value="..\dubylib\dbginfotypes.pas"/>
        <Caret Line="35" Column="45" TopLine="20"/>
      </Position9>
      <Position10>
        <Filename Value="..\dubylib\dbginfotypes.pas"/>
        <Caret Line="86" Column="5" TopLine="71"/>
      </Position10>
      <Position11>
        <Filename Value="..\dubylib\dbginfotypes.pas"/>
        <Caret Line="88" Column="9" TopLine="71"/>
      </Position11>
      <Position12>
        <Filename Value="..\dubylib\dbginfotypes.pas"/>
        <Caret Line="35" Column="50" TopLine="8"/>
      </Position12>
      <Position13>
        <Filename Value="..\dubylib\dbginfotypes.pas"/>
        <Caret Line="30" Column="10" TopLine="20"/>
      </Position13>
      <Position14>
        <Filename Value="..\dubylib\dbginfotypes.pas"/>
        <Caret Line="37" Column="62" TopLine="22"/>
      </Position14>
      <Position15>
        <Filename Value="pesource.pas"/>
        <Caret Line="11" Column="26" TopLine="1"/>
      </Position15>
      <Position16>
        <Filename Value="pesource.pas"/>
        <Caret Line="21" Column="29" TopLine="6"/>
      </Position16>
      <Position17>
        <Filename Value="pesource.pas"/>
        <Caret Line="11" Column="29" TopLine="6"/>
      </Position17>
      <Position18>
        <Filename Value="pesource.pas"/>
        <Caret Line="14" Column="3" TopLine="6"/>
      </Position18>
      <Position19>
        <Filename Value="..\dubylib\dbgpetypes.pp"/>
        <Caret Line="91" Column="3" TopLine="74"/>
      </Position19>
      <Position20>
        <Filename Value="..\dubylib\dbgpetypes.pp"/>
        <Caret Line="132" Column="1" TopLine="113"/>
      </Position20>
      <Position21>
        <Filename Value="..\dubylib\dbgpetypes.pp"/>
        <Caret Line="1" Column="1" TopLine="1"/>
      </Position21>
      <Position22>
        <Filename Value="..\dubylib\dbgpetypes.pp"/>
        <Caret Line="62" Column="18" TopLine="47"/>
      </Position22>
      <Position23>
        <Filename Value="..\dubylib\dbgpetypes.pp"/>
        <Caret Line="121" Column="49" TopLine="106"/>
      </Position23>
      <Position24>
        <Filename Value="..\dubylib\dbgpetypes.pp"/>
        <Caret Line="128" Column="45" TopLine="106"/>
      </Position24>
      <Position25>
        <Filename Value="..\dubylib\dbgpetypes.pp"/>
        <Caret Line="449" Column="78" TopLine="434"/>
      </Position25>
      <Position26>
        <Filename Value="..\dubylib\dbgpetypes.pp"/>
        <Caret Line="450" Column="78" TopLine="434"/>
      </Position26>
      <Position27>
        <Filename Value="..\dubylib\dbgpetypes.pp"/>
        <Caret Line="453" Column="33" TopLine="434"/>
      </Position27>
      <Position28>
        <Filename Value="..\dubylib\dbgpetypes.pp"/>
        <Caret Line="454" Column="1" TopLine="434"/>
      </Position28>
      <Position29>
        <Filename Value="pesource.pas"/>
        <Caret Line="8" Column="37" TopLine="1"/>
      </Position29>
      <Position30>
        <Filename Value="pesource.pas"/>
        <Caret Line="30" Column="33" TopLine="18"/>
      </Position30>
    </JumpHistory>
  </ProjectOptions>
  <CompilerOptions>
    <Version Value="8"/>
    <PathDelim Value="\"/>
    <SearchPaths>
      <IncludeFiles Value="$(ProjOutDir)\"/>
      <OtherUnitFiles Value="..\dubylib\;C:\SourceForge\duby\dubylib\stabs\"/>
      <SrcPath Value="..\dubylib\"/>
    </SearchPaths>
    <Other>
      <CompilerMessages>
        <IgnoredMessages idx3189="True" idx4055="True" idx4079="True" idx4080="True" idx4081="True" idx5024="True" idx5057="True" idx5058="True" idx5060="True"/>
      </CompilerMessages>
      <CompilerPath Value="$(CompPath)"/>
    </Other>
  </CompilerOptions>
  <Debugging>
    <Exceptions Count="3">
      <Item1>
        <Name Value="EAbort"/>
      </Item1>
      <Item2>
        <Name Value="ECodetoolError"/>
      </Item2>
      <Item3>
        <Name Value="EFOpenError"/>
      </Item3>
    </Exceptions>
  </Debugging>
</CONFIG>
